// !$*UTF8*$!
{
	archiveVersion = 1;
	classes = {
	};
	objectVersion = 50;
	objects = {

/* Begin PBXBuildFile section */
		B5C9FE8B25A56EF900E717B4 /* AppDelegate.swift in Sources */ = {isa = PBXBuildFile; fileRef = B5C9FE8A25A56EF900E717B4 /* AppDelegate.swift */; };
		B5C9FE8D25A56EF900E717B4 /* SceneDelegate.swift in Sources */ = {isa = PBXBuildFile; fileRef = B5C9FE8C25A56EF900E717B4 /* SceneDelegate.swift */; };
		B5C9FE8F25A56EF900E717B4 /* ViewController.swift in Sources */ = {isa = PBXBuildFile; fileRef = B5C9FE8E25A56EF900E717B4 /* ViewController.swift */; };
		B5C9FE9225A56EF900E717B4 /* Main.storyboard in Resources */ = {isa = PBXBuildFile; fileRef = B5C9FE9025A56EF900E717B4 /* Main.storyboard */; };
		B5C9FE9725A56EFE00E717B4 /* Assets.xcassets in Resources */ = {isa = PBXBuildFile; fileRef = B5C9FE9625A56EFE00E717B4 /* Assets.xcassets */; };
		B5C9FE9A25A56EFE00E717B4 /* LaunchScreen.storyboard in Resources */ = {isa = PBXBuildFile; fileRef = B5C9FE9825A56EFE00E717B4 /* LaunchScreen.storyboard */; };
		B5C9FEA525A56EFE00E717B4 /* campus_museumTests.swift in Sources */ = {isa = PBXBuildFile; fileRef = B5C9FEA425A56EFE00E717B4 /* campus_museumTests.swift */; };
		B5C9FEB025A56EFE00E717B4 /* campus_museumUITests.swift in Sources */ = {isa = PBXBuildFile; fileRef = B5C9FEAF25A56EFE00E717B4 /* campus_museumUITests.swift */; };
		B5C9FEC225A59C5900E717B4 /* WelcomeVC.swift in Sources */ = {isa = PBXBuildFile; fileRef = B5C9FEC125A59C5900E717B4 /* WelcomeVC.swift */; };
		B5C9FEC825A59D2900E717B4 /* LoadData.swift in Sources */ = {isa = PBXBuildFile; fileRef = B5C9FEC725A59D2900E717B4 /* LoadData.swift */; };
		B5C9FEE025A59EA900E717B4 /* campus_museum.xcdatamodeld in Sources */ = {isa = PBXBuildFile; fileRef = B5C9FEDE25A59EA900E717B4 /* campus_museum.xcdatamodeld */; };
		B5C9FEE925A59EFA00E717B4 /* Artworks+CoreDataProperties.swift in Sources */ = {isa = PBXBuildFile; fileRef = B5C9FEE525A59EF900E717B4 /* Artworks+CoreDataProperties.swift */; };
		B5C9FEEA25A59EFA00E717B4 /* LastAccessDate+CoreDataClass.swift in Sources */ = {isa = PBXBuildFile; fileRef = B5C9FEE625A59EF900E717B4 /* LastAccessDate+CoreDataClass.swift */; };
		B5C9FEEB25A59EFA00E717B4 /* LastAccessDate+CoreDataProperties.swift in Sources */ = {isa = PBXBuildFile; fileRef = B5C9FEE725A59EF900E717B4 /* LastAccessDate+CoreDataProperties.swift */; };
		B5C9FEEC25A59EFA00E717B4 /* Artworks+CoreDataClass.swift in Sources */ = {isa = PBXBuildFile; fileRef = B5C9FEE825A59EF900E717B4 /* Artworks+CoreDataClass.swift */; };
		B5C9FEF425A5A3A500E717B4 /* detailViewController.swift in Sources */ = {isa = PBXBuildFile; fileRef = B5C9FEF325A5A3A500E717B4 /* detailViewController.swift */; };
		B5C9FEF925A5A40900E717B4 /* viewControllerTableViewCell.swift in Sources */ = {isa = PBXBuildFile; fileRef = B5C9FEF825A5A40900E717B4 /* viewControllerTableViewCell.swift */; };
		B5C9FEFF25A5A45C00E717B4 /* Ashton campus walk v2.gpx in Resources */ = {isa = PBXBuildFile; fileRef = B5C9FEFE25A5A45C00E717B4 /* Ashton campus walk v2.gpx */; };
/* End PBXBuildFile section */

/* Begin PBXContainerItemProxy section */
		B5C9FEA125A56EFE00E717B4 /* PBXContainerItemProxy */ = {
			isa = PBXContainerItemProxy;
			containerPortal = B5C9FE7F25A56EF900E717B4 /* Project object */;
			proxyType = 1;
			remoteGlobalIDString = B5C9FE8625A56EF900E717B4;
			remoteInfo = campus_museum;
		};
		B5C9FEAC25A56EFE00E717B4 /* PBXContainerItemProxy */ = {
			isa = PBXContainerItemProxy;
			containerPortal = B5C9FE7F25A56EF900E717B4 /* Project object */;
			proxyType = 1;
			remoteGlobalIDString = B5C9FE8625A56EF900E717B4;
			remoteInfo = campus_museum;
		};
/* End PBXContainerItemProxy section */

/* Begin PBXFileReference section */
		B5C9FE8725A56EF900E717B4 /* campus_artworks.app */ = {isa = PBXFileReference; explicitFileType = wrapper.application; includeInIndex = 0; path = campus_artworks.app; sourceTree = BUILT_PRODUCTS_DIR; };
		B5C9FE8A25A56EF900E717B4 /* AppDelegate.swift */ = {isa = PBXFileReference; lastKnownFileType = sourcecode.swift; path = AppDelegate.swift; sourceTree = "<group>"; };
		B5C9FE8C25A56EF900E717B4 /* SceneDelegate.swift */ = {isa = PBXFileReference; lastKnownFileType = sourcecode.swift; path = SceneDelegate.swift; sourceTree = "<group>"; };
		B5C9FE8E25A56EF900E717B4 /* ViewController.swift */ = {isa = PBXFileReference; lastKnownFileType = sourcecode.swift; path = ViewController.swift; sourceTree = "<group>"; };
		B5C9FE9125A56EF900E717B4 /* Base */ = {isa = PBXFileReference; lastKnownFileType = file.storyboard; name = Base; path = Base.lproj/Main.storyboard; sourceTree = "<group>"; };
		B5C9FE9625A56EFE00E717B4 /* Assets.xcassets */ = {isa = PBXFileReference; lastKnownFileType = folder.assetcatalog; path = Assets.xcassets; sourceTree = "<group>"; };
		B5C9FE9925A56EFE00E717B4 /* Base */ = {isa = PBXFileReference; lastKnownFileType = file.storyboard; name = Base; path = Base.lproj/LaunchScreen.storyboard; sourceTree = "<group>"; };
		B5C9FE9B25A56EFE00E717B4 /* Info.plist */ = {isa = PBXFileReference; lastKnownFileType = text.plist.xml; path = Info.plist; sourceTree = "<group>"; };
		B5C9FEA025A56EFE00E717B4 /* campus_artworksTests.xctest */ = {isa = PBXFileReference; explicitFileType = wrapper.cfbundle; includeInIndex = 0; path = campus_artworksTests.xctest; sourceTree = BUILT_PRODUCTS_DIR; };
		B5C9FEA425A56EFE00E717B4 /* campus_museumTests.swift */ = {isa = PBXFileReference; lastKnownFileType = sourcecode.swift; path = campus_museumTests.swift; sourceTree = "<group>"; };
		B5C9FEA625A56EFE00E717B4 /* Info.plist */ = {isa = PBXFileReference; lastKnownFileType = text.plist.xml; path = Info.plist; sourceTree = "<group>"; };
		B5C9FEAB25A56EFE00E717B4 /* campus_artworksUITests.xctest */ = {isa = PBXFileReference; explicitFileType = wrapper.cfbundle; includeInIndex = 0; path = campus_artworksUITests.xctest; sourceTree = BUILT_PRODUCTS_DIR; };
		B5C9FEAF25A56EFE00E717B4 /* campus_museumUITests.swift */ = {isa = PBXFileReference; lastKnownFileType = sourcecode.swift; path = campus_museumUITests.swift; sourceTree = "<group>"; };
		B5C9FEB125A56EFE00E717B4 /* Info.plist */ = {isa = PBXFileReference; lastKnownFileType = text.plist.xml; path = Info.plist; sourceTree = "<group>"; };
		B5C9FEC125A59C5900E717B4 /* WelcomeVC.swift */ = {isa = PBXFileReference; lastKnownFileType = sourcecode.swift; path = WelcomeVC.swift; sourceTree = "<group>"; };
		B5C9FEC725A59D2900E717B4 /* LoadData.swift */ = {isa = PBXFileReference; lastKnownFileType = sourcecode.swift; path = LoadData.swift; sourceTree = "<group>"; };
		B5C9FEDF25A59EA900E717B4 /* COMP327_Assignment2.xcdatamodel */ = {isa = PBXFileReference; lastKnownFileType = wrapper.xcdatamodel; path = COMP327_Assignment2.xcdatamodel; sourceTree = "<group>"; };
		B5C9FEE525A59EF900E717B4 /* Artworks+CoreDataProperties.swift */ = {isa = PBXFileReference; fileEncoding = 4; lastKnownFileType = sourcecode.swift; path = "Artworks+CoreDataProperties.swift"; sourceTree = "<group>"; };
		B5C9FEE625A59EF900E717B4 /* LastAccessDate+CoreDataClass.swift */ = {isa = PBXFileReference; fileEncoding = 4; lastKnownFileType = sourcecode.swift; path = "LastAccessDate+CoreDataClass.swift"; sourceTree = "<group>"; };
		B5C9FEE725A59EF900E717B4 /* LastAccessDate+CoreDataProperties.swift */ = {isa = PBXFileReference; fileEncoding = 4; lastKnownFileType = sourcecode.swift; path = "LastAccessDate+CoreDataProperties.swift"; sourceTree = "<group>"; };
		B5C9FEE825A59EF900E717B4 /* Artworks+CoreDataClass.swift */ = {isa = PBXFileReference; fileEncoding = 4; lastKnownFileType = sourcecode.swift; path = "Artworks+CoreDataClass.swift"; sourceTree = "<group>"; };
		B5C9FEF325A5A3A500E717B4 /* detailViewController.swift */ = {isa = PBXFileReference; lastKnownFileType = sourcecode.swift; path = detailViewController.swift; sourceTree = "<group>"; };
		B5C9FEF825A5A40900E717B4 /* viewControllerTableViewCell.swift */ = {isa = PBXFileReference; fileEncoding = 4; lastKnownFileType = sourcecode.swift; path = viewControllerTableViewCell.swift; sourceTree = "<group>"; };
		B5C9FEFE25A5A45C00E717B4 /* Ashton campus walk v2.gpx */ = {isa = PBXFileReference; fileEncoding = 4; lastKnownFileType = text.xml; path = "Ashton campus walk v2.gpx"; sourceTree = "<group>"; };
/* End PBXFileReference section */

/* Begin PBXFrameworksBuildPhase section */
		B5C9FE8425A56EF900E717B4 /* Frameworks */ = {
			isa = PBXFrameworksBuildPhase;
			buildActionMask = 2147483647;
			files = (
			);
			runOnlyForDeploymentPostprocessing = 0;
		};
		B5C9FE9D25A56EFE00E717B4 /* Frameworks */ = {
			isa = PBXFrameworksBuildPhase;
			buildActionMask = 2147483647;
			files = (
			);
			runOnlyForDeploymentPostprocessing = 0;
		};
		B5C9FEA825A56EFE00E717B4 /* Frameworks */ = {
			isa = PBXFrameworksBuildPhase;
			buildActionMask = 2147483647;
			files = (
			);
			runOnlyForDeploymentPostprocessing = 0;
		};
/* End PBXFrameworksBuildPhase section */

/* Begin PBXGroup section */
		B5C9FE7E25A56EF900E717B4 = {
			isa = PBXGroup;
			children = (
				B5C9FE8925A56EF900E717B4 /* campus_artworks */,
				B5C9FEA325A56EFE00E717B4 /* campus_museumTests */,
				B5C9FEAE25A56EFE00E717B4 /* campus_museumUITests */,
				B5C9FE8825A56EF900E717B4 /* Products */,
			);
			sourceTree = "<group>";
		};
		B5C9FE8825A56EF900E717B4 /* Products */ = {
			isa = PBXGroup;
			children = (
				B5C9FE8725A56EF900E717B4 /* campus_artworks.app */,
				B5C9FEA025A56EFE00E717B4 /* campus_artworksTests.xctest */,
				B5C9FEAB25A56EFE00E717B4 /* campus_artworksUITests.xctest */,
			);
			name = Products;
			sourceTree = "<group>";
		};
		B5C9FE8925A56EF900E717B4 /* campus_artworks */ = {
			isa = PBXGroup;
			children = (
				B5C9FEFD25A5A44900E717B4 /* supported_files */,
				B5C9FEE425A59EDD00E717B4 /* Model */,
				B5C9FEC625A59CE000E717B4 /* Controller */,
				B5C9FEC025A59B4400E717B4 /* View */,
				B5C9FE8A25A56EF900E717B4 /* AppDelegate.swift */,
				B5C9FE8C25A56EF900E717B4 /* SceneDelegate.swift */,
				B5C9FEC725A59D2900E717B4 /* LoadData.swift */,
				B5C9FE9B25A56EFE00E717B4 /* Info.plist */,
			);
			path = campus_artworks;
			sourceTree = "<group>";
		};
		B5C9FEA325A56EFE00E717B4 /* campus_museumTests */ = {
			isa = PBXGroup;
			children = (
				B5C9FEA425A56EFE00E717B4 /* campus_museumTests.swift */,
				B5C9FEA625A56EFE00E717B4 /* Info.plist */,
			);
			path = campus_museumTests;
			sourceTree = "<group>";
		};
		B5C9FEAE25A56EFE00E717B4 /* campus_museumUITests */ = {
			isa = PBXGroup;
			children = (
				B5C9FEAF25A56EFE00E717B4 /* campus_museumUITests.swift */,
				B5C9FEB125A56EFE00E717B4 /* Info.plist */,
			);
			path = campus_museumUITests;
			sourceTree = "<group>";
		};
		B5C9FEC025A59B4400E717B4 /* View */ = {
			isa = PBXGroup;
			children = (
				B5C9FE9025A56EF900E717B4 /* Main.storyboard */,
				B5C9FE9625A56EFE00E717B4 /* Assets.xcassets */,
				B5C9FE9825A56EFE00E717B4 /* LaunchScreen.storyboard */,
			);
			path = View;
			sourceTree = "<group>";
		};
		B5C9FEC625A59CE000E717B4 /* Controller */ = {
			isa = PBXGroup;
			children = (
				B5C9FEF825A5A40900E717B4 /* viewControllerTableViewCell.swift */,
				B5C9FE8E25A56EF900E717B4 /* ViewController.swift */,
				B5C9FEC125A59C5900E717B4 /* WelcomeVC.swift */,
				B5C9FEF325A5A3A500E717B4 /* detailViewController.swift */,
			);
			path = Controller;
			sourceTree = "<group>";
		};
		B5C9FEE425A59EDD00E717B4 /* Model */ = {
			isa = PBXGroup;
			children = (
				B5C9FEE825A59EF900E717B4 /* Artworks+CoreDataClass.swift */,
				B5C9FEE525A59EF900E717B4 /* Artworks+CoreDataProperties.swift */,
				B5C9FEE625A59EF900E717B4 /* LastAccessDate+CoreDataClass.swift */,
				B5C9FEE725A59EF900E717B4 /* LastAccessDate+CoreDataProperties.swift */,
			);
			path = Model;
			sourceTree = "<group>";
		};
		B5C9FEFD25A5A44900E717B4 /* supported_files */ = {
			isa = PBXGroup;
			children = (
				B5C9FEDE25A59EA900E717B4 /* campus_museum.xcdatamodeld */,
				B5C9FEFE25A5A45C00E717B4 /* Ashton campus walk v2.gpx */,
			);
			path = supported_files;
			sourceTree = "<group>";
		};
/* End PBXGroup section */

/* Begin PBXNativeTarget section */
		B5C9FE8625A56EF900E717B4 /* campus_artworks */ = {
			isa = PBXNativeTarget;
			buildConfigurationList = B5C9FEB425A56EFE00E717B4 /* Build configuration list for PBXNativeTarget "campus_artworks" */;
			buildPhases = (
				B5C9FE8325A56EF900E717B4 /* Sources */,
				B5C9FE8425A56EF900E717B4 /* Frameworks */,
				B5C9FE8525A56EF900E717B4 /* Resources */,
			);
			buildRules = (
			);
			dependencies = (
			);
			name = campus_artworks;
			productName = campus_museum;
			productReference = B5C9FE8725A56EF900E717B4 /* campus_artworks.app */;
			productType = "com.apple.product-type.application";
		};
		B5C9FE9F25A56EFE00E717B4 /* campus_artworksTests */ = {
			isa = PBXNativeTarget;
			buildConfigurationList = B5C9FEB725A56EFE00E717B4 /* Build configuration list for PBXNativeTarget "campus_artworksTests" */;
			buildPhases = (
				B5C9FE9C25A56EFE00E717B4 /* Sources */,
				B5C9FE9D25A56EFE00E717B4 /* Frameworks */,
				B5C9FE9E25A56EFE00E717B4 /* Resources */,
			);
			buildRules = (
			);
			dependencies = (
				B5C9FEA225A56EFE00E717B4 /* PBXTargetDependency */,
			);
			name = campus_artworksTests;
			productName = campus_museumTests;
			productReference = B5C9FEA025A56EFE00E717B4 /* campus_artworksTests.xctest */;
			productType = "com.apple.product-type.bundle.unit-test";
		};
		B5C9FEAA25A56EFE00E717B4 /* campus_artworksUITests */ = {
			isa = PBXNativeTarget;
			buildConfigurationList = B5C9FEBA25A56EFE00E717B4 /* Build configuration list for PBXNativeTarget "campus_artworksUITests" */;
			buildPhases = (
				B5C9FEA725A56EFE00E717B4 /* Sources */,
				B5C9FEA825A56EFE00E717B4 /* Frameworks */,
				B5C9FEA925A56EFE00E717B4 /* Resources */,
			);
			buildRules = (
			);
			dependencies = (
				B5C9FEAD25A56EFE00E717B4 /* PBXTargetDependency */,
			);
			name = campus_artworksUITests;
			productName = campus_museumUITests;
			productReference = B5C9FEAB25A56EFE00E717B4 /* campus_artworksUITests.xctest */;
			productType = "com.apple.product-type.bundle.ui-testing";
		};
/* End PBXNativeTarget section */

/* Begin PBXProject section */
		B5C9FE7F25A56EF900E717B4 /* Project object */ = {
			isa = PBXProject;
			attributes = {
				LastSwiftUpdateCheck = 1230;
				LastUpgradeCheck = 1230;
				TargetAttributes = {
					B5C9FE8625A56EF900E717B4 = {
						CreatedOnToolsVersion = 12.3;
					};
					B5C9FE9F25A56EFE00E717B4 = {
						CreatedOnToolsVersion = 12.3;
						TestTargetID = B5C9FE8625A56EF900E717B4;
					};
					B5C9FEAA25A56EFE00E717B4 = {
						CreatedOnToolsVersion = 12.3;
						TestTargetID = B5C9FE8625A56EF900E717B4;
					};
				};
			};
			buildConfigurationList = B5C9FE8225A56EF900E717B4 /* Build configuration list for PBXProject "campus_artworks" */;
			compatibilityVersion = "Xcode 9.3";
			developmentRegion = en;
			hasScannedForEncodings = 0;
			knownRegions = (
				en,
				Base,
			);
			mainGroup = B5C9FE7E25A56EF900E717B4;
			productRefGroup = B5C9FE8825A56EF900E717B4 /* Products */;
			projectDirPath = "";
			projectRoot = "";
			targets = (
				B5C9FE8625A56EF900E717B4 /* campus_artworks */,
				B5C9FE9F25A56EFE00E717B4 /* campus_artworksTests */,
				B5C9FEAA25A56EFE00E717B4 /* campus_artworksUITests */,
			);
		};
/* End PBXProject section */

/* Begin PBXResourcesBuildPhase section */
		B5C9FE8525A56EF900E717B4 /* Resources */ = {
			isa = PBXResourcesBuildPhase;
			buildActionMask = 2147483647;
			files = (
				B5C9FE9A25A56EFE00E717B4 /* LaunchScreen.storyboard in Resources */,
				B5C9FE9725A56EFE00E717B4 /* Assets.xcassets in Resources */,
				B5C9FE9225A56EF900E717B4 /* Main.storyboard in Resources */,
				B5C9FEFF25A5A45C00E717B4 /* Ashton campus walk v2.gpx in Resources */,
			);
			runOnlyForDeploymentPostprocessing = 0;
		};
		B5C9FE9E25A56EFE00E717B4 /* Resources */ = {
			isa = PBXResourcesBuildPhase;
			buildActionMask = 2147483647;
			files = (
			);
			runOnlyForDeploymentPostprocessing = 0;
		};
		B5C9FEA925A56EFE00E717B4 /* Resources */ = {
			isa = PBXResourcesBuildPhase;
			buildActionMask = 2147483647;
			files = (
			);
			runOnlyForDeploymentPostprocessing = 0;
		};
/* End PBXResourcesBuildPhase section */

/* Begin PBXSourcesBuildPhase section */
		B5C9FE8325A56EF900E717B4 /* Sources */ = {
			isa = PBXSourcesBuildPhase;
			buildActionMask = 2147483647;
			files = (
				B5C9FE8F25A56EF900E717B4 /* ViewController.swift in Sources */,
				B5C9FEEB25A59EFA00E717B4 /* LastAccessDate+CoreDataProperties.swift in Sources */,
				B5C9FEF925A5A40900E717B4 /* viewControllerTableViewCell.swift in Sources */,
				B5C9FEEA25A59EFA00E717B4 /* LastAccessDate+CoreDataClass.swift in Sources */,
				B5C9FEF425A5A3A500E717B4 /* detailViewController.swift in Sources */,
				B5C9FEC225A59C5900E717B4 /* WelcomeVC.swift in Sources */,
				B5C9FEEC25A59EFA00E717B4 /* Artworks+CoreDataClass.swift in Sources */,
				B5C9FEE925A59EFA00E717B4 /* Artworks+CoreDataProperties.swift in Sources */,
				B5C9FE8B25A56EF900E717B4 /* AppDelegate.swift in Sources */,
				B5C9FE8D25A56EF900E717B4 /* SceneDelegate.swift in Sources */,
				B5C9FEE025A59EA900E717B4 /* campus_museum.xcdatamodeld in Sources */,
				B5C9FEC825A59D2900E717B4 /* LoadData.swift in Sources */,
			);
			runOnlyForDeploymentPostprocessing = 0;
		};
		B5C9FE9C25A56EFE00E717B4 /* Sources */ = {
			isa = PBXSourcesBuildPhase;
			buildActionMask = 2147483647;
			files = (
				B5C9FEA525A56EFE00E717B4 /* campus_museumTests.swift in Sources */,
			);
			runOnlyForDeploymentPostprocessing = 0;
		};
		B5C9FEA725A56EFE00E717B4 /* Sources */ = {
			isa = PBXSourcesBuildPhase;
			buildActionMask = 2147483647;
			files = (
				B5C9FEB025A56EFE00E717B4 /* campus_museumUITests.swift in Sources */,
			);
			runOnlyForDeploymentPostprocessing = 0;
		};
/* End PBXSourcesBuildPhase section */

/* Begin PBXTargetDependency section */
		B5C9FEA225A56EFE00E717B4 /* PBXTargetDependency */ = {
			isa = PBXTargetDependency;
			target = B5C9FE8625A56EF900E717B4 /* campus_artworks */;
			targetProxy = B5C9FEA125A56EFE00E717B4 /* PBXContainerItemProxy */;
		};
		B5C9FEAD25A56EFE00E717B4 /* PBXTargetDependency */ = {
			isa = PBXTargetDependency;
			target = B5C9FE8625A56EF900E717B4 /* campus_artworks */;
			targetProxy = B5C9FEAC25A56EFE00E717B4 /* PBXContainerItemProxy */;
		};
/* End PBXTargetDependency section */

/* Begin PBXVariantGroup section */
		B5C9FE9025A56EF900E717B4 /* Main.storyboard */ = {
			isa = PBXVariantGroup;
			children = (
				B5C9FE9125A56EF900E717B4 /* Base */,
			);
			name = Main.storyboard;
			sourceTree = "<group>";
		};
		B5C9FE9825A56EFE00E717B4 /* LaunchScreen.storyboard */ = {
			isa = PBXVariantGroup;
			children = (
				B5C9FE9925A56EFE00E717B4 /* Base */,
			);
			name = LaunchScreen.storyboard;
			sourceTree = "<group>";
		};
/* End PBXVariantGroup section */

/* Begin XCBuildConfiguration section */
		B5C9FEB225A56EFE00E717B4 /* Debug */ = {
			isa = XCBuildConfiguration;
			buildSettings = {
				ALWAYS_SEARCH_USER_PATHS = NO;
				CLANG_ANALYZER_NONNULL = YES;
				CLANG_ANALYZER_NUMBER_OBJECT_CONVERSION = YES_AGGRESSIVE;
				CLANG_CXX_LANGUAGE_STANDARD = "gnu++14";
				CLANG_CXX_LIBRARY = "libc++";
				CLANG_ENABLE_MODULES = YES;
				CLANG_ENABLE_OBJC_ARC = YES;
				CLANG_ENABLE_OBJC_WEAK = YES;
				CLANG_WARN_BLOCK_CAPTURE_AUTORELEASING = YES;
				CLANG_WARN_BOOL_CONVERSION = YES;
				CLANG_WARN_COMMA = YES;
				CLANG_WARN_CONSTANT_CONVERSION = YES;
				CLANG_WARN_DEPRECATED_OBJC_IMPLEMENTATIONS = YES;
				CLANG_WARN_DIRECT_OBJC_ISA_USAGE = YES_ERROR;
				CLANG_WARN_DOCUMENTATION_COMMENTS = YES;
				CLANG_WARN_EMPTY_BODY = YES;
				CLANG_WARN_ENUM_CONVERSION = YES;
				CLANG_WARN_INFINITE_RECURSION = YES;
				CLANG_WARN_INT_CONVERSION = YES;
				CLANG_WARN_NON_LITERAL_NULL_CONVERSION = YES;
				CLANG_WARN_OBJC_IMPLICIT_RETAIN_SELF = YES;
				CLANG_WARN_OBJC_LITERAL_CONVERSION = YES;
				CLANG_WARN_OBJC_ROOT_CLASS = YES_ERROR;
				CLANG_WARN_QUOTED_INCLUDE_IN_FRAMEWORK_HEADER = YES;
				CLANG_WARN_RANGE_LOOP_ANALYSIS = YES;
				CLANG_WARN_STRICT_PROTOTYPES = YES;
				CLANG_WARN_SUSPICIOUS_MOVE = YES;
				CLANG_WARN_UNGUARDED_AVAILABILITY = YES_AGGRESSIVE;
				CLANG_WARN_UNREACHABLE_CODE = YES;
				CLANG_WARN__DUPLICATE_METHOD_MATCH = YES;
				COPY_PHASE_STRIP = NO;
				DEBUG_INFORMATION_FORMAT = dwarf;
				ENABLE_STRICT_OBJC_MSGSEND = YES;
				ENABLE_TESTABILITY = YES;
				GCC_C_LANGUAGE_STANDARD = gnu11;
				GCC_DYNAMIC_NO_PIC = NO;
				GCC_NO_COMMON_BLOCKS = YES;
				GCC_OPTIMIZATION_LEVEL = 0;
				GCC_PREPROCESSOR_DEFINITIONS = (
					"DEBUG=1",
					"$(inherited)",
				);
				GCC_WARN_64_TO_32_BIT_CONVERSION = YES;
				GCC_WARN_ABOUT_RETURN_TYPE = YES_ERROR;
				GCC_WARN_UNDECLARED_SELECTOR = YES;
				GCC_WARN_UNINITIALIZED_AUTOS = YES_AGGRESSIVE;
				GCC_WARN_UNUSED_FUNCTION = YES;
				GCC_WARN_UNUSED_VARIABLE = YES;
				IPHONEOS_DEPLOYMENT_TARGET = 14.3;
				MTL_ENABLE_DEBUG_INFO = INCLUDE_SOURCE;
				MTL_FAST_MATH = YES;
				ONLY_ACTIVE_ARCH = YES;
				SDKROOT = iphoneos;
				SWIFT_ACTIVE_COMPILATION_CONDITIONS = DEBUG;
				SWIFT_OPTIMIZATION_LEVEL = "-Onone";
			};
			name = Debug;
		};
		B5C9FEB325A56EFE00E717B4 /* Release */ = {
			isa = XCBuildConfiguration;
			buildSettings = {
				ALWAYS_SEARCH_USER_PATHS = NO;
				CLANG_ANALYZER_NONNULL = YES;
				CLANG_ANALYZER_NUMBER_OBJECT_CONVERSION = YES_AGGRESSIVE;
				CLANG_CXX_LANGUAGE_STANDARD = "gnu++14";
				CLANG_CXX_LIBRARY = "libc++";
				CLANG_ENABLE_MODULES = YES;
				CLANG_ENABLE_OBJC_ARC = YES;
				CLANG_ENABLE_OBJC_WEAK = YES;
				CLANG_WARN_BLOCK_CAPTURE_AUTORELEASING = YES;
				CLANG_WARN_BOOL_CONVERSION = YES;
				CLANG_WARN_COMMA = YES;
				CLANG_WARN_CONSTANT_CONVERSION = YES;
				CLANG_WARN_DEPRECATED_OBJC_IMPLEMENTATIONS = YES;
				CLANG_WARN_DIRECT_OBJC_ISA_USAGE = YES_ERROR;
				CLANG_WARN_DOCUMENTATION_COMMENTS = YES;
				CLANG_WARN_EMPTY_BODY = YES;
				CLANG_WARN_ENUM_CONVERSION = YES;
				CLANG_WARN_INFINITE_RECURSION = YES;
				CLANG_WARN_INT_CONVERSION = YES;
				CLANG_WARN_NON_LITERAL_NULL_CONVERSION = YES;
				CLANG_WARN_OBJC_IMPLICIT_RETAIN_SELF = YES;
				CLANG_WARN_OBJC_LITERAL_CONVERSION = YES;
				CLANG_WARN_OBJC_ROOT_CLASS = YES_ERROR;
				CLANG_WARN_QUOTED_INCLUDE_IN_FRAMEWORK_HEADER = YES;
				CLANG_WARN_RANGE_LOOP_ANALYSIS = YES;
				CLANG_WARN_STRICT_PROTOTYPES = YES;
				CLANG_WARN_SUSPICIOUS_MOVE = YES;
				CLANG_WARN_UNGUARDED_AVAILABILITY = YES_AGGRESSIVE;
				CLANG_WARN_UNREACHABLE_CODE = YES;
				CLANG_WARN__DUPLICATE_METHOD_MATCH = YES;
				COPY_PHASE_STRIP = NO;
				DEBUG_INFORMATION_FORMAT = "dwarf-with-dsym";
				ENABLE_NS_ASSERTIONS = NO;
				ENABLE_STRICT_OBJC_MSGSEND = YES;
				GCC_C_LANGUAGE_STANDARD = gnu11;
				GCC_NO_COMMON_BLOCKS = YES;
				GCC_WARN_64_TO_32_BIT_CONVERSION = YES;
				GCC_WARN_ABOUT_RETURN_TYPE = YES_ERROR;
				GCC_WARN_UNDECLARED_SELECTOR = YES;
				GCC_WARN_UNINITIALIZED_AUTOS = YES_AGGRESSIVE;
				GCC_WARN_UNUSED_FUNCTION = YES;
				GCC_WARN_UNUSED_VARIABLE = YES;
				IPHONEOS_DEPLOYMENT_TARGET = 14.3;
				MTL_ENABLE_DEBUG_INFO = NO;
				MTL_FAST_MATH = YES;
				SDKROOT = iphoneos;
				SWIFT_COMPILATION_MODE = wholemodule;
				SWIFT_OPTIMIZATION_LEVEL = "-O";
				VALIDATE_PRODUCT = YES;
			};
			name = Release;
		};
		B5C9FEB525A56EFE00E717B4 /* Debug */ = {
			isa = XCBuildConfiguration;
			buildSettings = {
				ASSETCATALOG_COMPILER_APPICON_NAME = AppIcon;
				ASSETCATALOG_COMPILER_GLOBAL_ACCENT_COLOR_NAME = AccentColor;
				CODE_SIGN_STYLE = Automatic;
				DEVELOPMENT_TEAM = 56AME9BLVU;
				INFOPLIST_FILE = campus_artworks/Info.plist;
				IPHONEOS_DEPLOYMENT_TARGET = 14.1;
				LD_RUNPATH_SEARCH_PATHS = (
					"$(inherited)",
					"@executable_path/Frameworks",
				);
				PRODUCT_BUNDLE_IDENTIFIER = "abel.company.campus-museum";
				PRODUCT_NAME = "$(TARGET_NAME)";
				SWIFT_VERSION = 5.0;
				TARGETED_DEVICE_FAMILY = "1,2";
			};
			name = Debug;
		};
		B5C9FEB625A56EFE00E717B4 /* Release */ = {
			isa = XCBuildConfiguration;
			buildSettings = {
				ASSETCATALOG_COMPILER_APPICON_NAME = AppIcon;
				ASSETCATALOG_COMPILER_GLOBAL_ACCENT_COLOR_NAME = AccentColor;
				CODE_SIGN_STYLE = Automatic;
				DEVELOPMENT_TEAM = 56AME9BLVU;
				INFOPLIST_FILE = campus_artworks/Info.plist;
				IPHONEOS_DEPLOYMENT_TARGET = 14.1;
				LD_RUNPATH_SEARCH_PATHS = (
					"$(inherited)",
					"@executable_path/Frameworks",
				);
				PRODUCT_BUNDLE_IDENTIFIER = "abel.company.campus-museum";
				PRODUCT_NAME = "$(TARGET_NAME)";
				SWIFT_VERSION = 5.0;
				TARGETED_DEVICE_FAMILY = "1,2";
			};
			name = Release;
		};
		B5C9FEB825A56EFE00E717B4 /* Debug */ = {
			isa = XCBuildConfiguration;
			buildSettings = {
				ALWAYS_EMBED_SWIFT_STANDARD_LIBRARIES = YES;
				BUNDLE_LOADER = "$(TEST_HOST)";
				CODE_SIGN_STYLE = Automatic;
				DEVELOPMENT_TEAM = 56AME9BLVU;
				INFOPLIST_FILE = campus_museumTests/Info.plist;
				IPHONEOS_DEPLOYMENT_TARGET = 14.3;
				LD_RUNPATH_SEARCH_PATHS = (
					"$(inherited)",
					"@executable_path/Frameworks",
					"@loader_path/Frameworks",
				);
				PRODUCT_BUNDLE_IDENTIFIER = "abel.company.campus-museumTests";
				PRODUCT_NAME = "$(TARGET_NAME)";
				SWIFT_VERSION = 5.0;
				TARGETED_DEVICE_FAMILY = "1,2";
				TEST_HOST = "$(BUILT_PRODUCTS_DIR)/campus_artworks.app/campus_artworks";
			};
			name = Debug;
		};
		B5C9FEB925A56EFE00E717B4 /* Release */ = {
			isa = XCBuildConfiguration;
			buildSettings = {
				ALWAYS_EMBED_SWIFT_STANDARD_LIBRARIES = YES;
				BUNDLE_LOADER = "$(TEST_HOST)";
				CODE_SIGN_STYLE = Automatic;
				DEVELOPMENT_TEAM = 56AME9BLVU;
				INFOPLIST_FILE = campus_museumTests/Info.plist;
				IPHONEOS_DEPLOYMENT_TARGET = 14.3;
				LD_RUNPATH_SEARCH_PATHS = (
					"$(inherited)",
					"@executable_path/Frameworks",
					"@loader_path/Frameworks",
				);
				PRODUCT_BUNDLE_IDENTIFIER = "abel.company.campus-museumTests";
				PRODUCT_NAME = "$(TARGET_NAME)";
				SWIFT_VERSION = 5.0;
				TARGETED_DEVICE_FAMILY = "1,2";
				TEST_HOST = "$(BUILT_PRODUCTS_DIR)/campus_artworks.app/campus_artworks";
			};
			name = Release;
		};
		B5C9FEBB25A56EFE00E717B4 /* Debug */ = {
			isa = XCBuildConfiguration;
			buildSettings = {
				ALWAYS_EMBED_SWIFT_STANDARD_LIBRARIES = YES;
				CODE_SIGN_STYLE = Automatic;
				DEVELOPMENT_TEAM = 56AME9BLVU;
				INFOPLIST_FILE = campus_museumUITests/Info.plist;
				LD_RUNPATH_SEARCH_PATHS = (
					"$(inherited)",
					"@executable_path/Frameworks",
					"@loader_path/Frameworks",
				);
				PRODUCT_BUNDLE_IDENTIFIER = "abel.company.campus-museumUITests";
				PRODUCT_NAME = "$(TARGET_NAME)";
				SWIFT_VERSION = 5.0;
				TARGETED_DEVICE_FAMILY = "1,2";
				TEST_TARGET_NAME = campus_museum;
			};
			name = Debug;
		};
		B5C9FEBC25A56EFE00E717B4 /* Release */ = {
			isa = XCBuildConfiguration;
			buildSettings = {
				ALWAYS_EMBED_SWIFT_STANDARD_LIBRARIES = YES;
				CODE_SIGN_STYLE = Automatic;
				DEVELOPMENT_TEAM = 56AME9BLVU;
				INFOPLIST_FILE = campus_museumUITests/Info.plist;
				LD_RUNPATH_SEARCH_PATHS = (
					"$(inherited)",
					"@executable_path/Frameworks",
					"@loader_path/Frameworks",
				);
				PRODUCT_BUNDLE_IDENTIFIER = "abel.company.campus-museumUITests";
				PRODUCT_NAME = "$(TARGET_NAME)";
				SWIFT_VERSION = 5.0;
				TARGETED_DEVICE_FAMILY = "1,2";
				TEST_TARGET_NAME = campus_museum;
			};
			name = Release;
		};
/* End XCBuildConfiguration section */

/* Begin XCConfigurationList section */
		B5C9FE8225A56EF900E717B4 /* Build configuration list for PBXProject "campus_artworks" */ = {
			isa = XCConfigurationList;
			buildConfigurations = (
				B5C9FEB225A56EFE00E717B4 /* Debug */,
				B5C9FEB325A56EFE00E717B4 /* Release */,
			);
			defaultConfigurationIsVisible = 0;
			defaultConfigurationName = Release;
		};
		B5C9FEB425A56EFE00E717B4 /* Build configuration list for PBXNativeTarget "campus_artworks" */ = {
			isa = XCConfigurationList;
			buildConfigurations = (
				B5C9FEB525A56EFE00E717B4 /* Debug */,
				B5C9FEB625A56EFE00E717B4 /* Release */,
			);
			defaultConfigurationIsVisible = 0;
			defaultConfigurationName = Release;
		};
		B5C9FEB725A56EFE00E717B4 /* Build configuration list for PBXNativeTarget "campus_artworksTests" */ = {
			isa = XCConfigurationList;
			buildConfigurations = (
				B5C9FEB825A56EFE00E717B4 /* Debug */,
				B5C9FEB925A56EFE00E717B4 /* Release */,
			);
			defaultConfigurationIsVisible = 0;
			defaultConfigurationName = Release;
		};
		B5C9FEBA25A56EFE00E717B4 /* Build configuration list for PBXNativeTarget "campus_artworksUITests" */ = {
			isa = XCConfigurationList;
			buildConfigurations = (
				B5C9FEBB25A56EFE00E717B4 /* Debug */,
				B5C9FEBC25A56EFE00E717B4 /* Release */,
			);
			defaultConfigurationIsVisible = 0;
			defaultConfigurationName = Release;
		};
/* End XCConfigurationList section */

/* Begin XCVersionGroup section */
		B5C9FEDE25A59EA900E717B4 /* campus_museum.xcdatamodeld */ = {
			isa = XCVersionGroup;
			children = (
				B5C9FEDF25A59EA900E717B4 /* COMP327_Assignment2.xcdatamodel */,
			);
			currentVersion = B5C9FEDF25A59EA900E717B4 /* COMP327_Assignment2.xcdatamodel */;
			path = campus_museum.xcdatamodeld;
			sourceTree = "<group>";
			versionGroupType = wrapper.xcdatamodel;
		};
/* End XCVersionGroup section */
	};
	rootObject = B5C9FE7F25A56EF900E717B4 /* Project object */;
}
