// !$*UTF8*$!
{
	archiveVersion = 1;
	classes = {
	};
	objectVersion = 50;
	objects = {

/* Begin PBXBuildFile section */
		561224FF1D26128700FE59D5 /* Athlete.swift in Sources */ = {isa = PBXBuildFile; fileRef = 561224F61D26128700FE59D5 /* Athlete.swift */; };
		561225001D26128700FE59D5 /* Athlete.swift in Sources */ = {isa = PBXBuildFile; fileRef = 561224F61D26128700FE59D5 /* Athlete.swift */; };
		561225011D26128700FE59D5 /* Cyclist.swift in Sources */ = {isa = PBXBuildFile; fileRef = 561224F71D26128700FE59D5 /* Cyclist.swift */; };
		561225021D26128700FE59D5 /* Cyclist.swift in Sources */ = {isa = PBXBuildFile; fileRef = 561224F71D26128700FE59D5 /* Cyclist.swift */; };
		561225031D26128700FE59D5 /* TriathlonEvent.swift in Sources */ = {isa = PBXBuildFile; fileRef = 561224F81D26128700FE59D5 /* TriathlonEvent.swift */; };
		561225041D26128700FE59D5 /* TriathlonEvent.swift in Sources */ = {isa = PBXBuildFile; fileRef = 561224F81D26128700FE59D5 /* TriathlonEvent.swift */; };
		561225051D26128700FE59D5 /* Participant.swift in Sources */ = {isa = PBXBuildFile; fileRef = 561224FA1D26128700FE59D5 /* Participant.swift */; };
		561225061D26128700FE59D5 /* Participant.swift in Sources */ = {isa = PBXBuildFile; fileRef = 561224FA1D26128700FE59D5 /* Participant.swift */; };
		561225071D26128700FE59D5 /* Runner.swift in Sources */ = {isa = PBXBuildFile; fileRef = 561224FB1D26128700FE59D5 /* Runner.swift */; };
		561225081D26128700FE59D5 /* Runner.swift in Sources */ = {isa = PBXBuildFile; fileRef = 561224FB1D26128700FE59D5 /* Runner.swift */; };
		561225091D26128700FE59D5 /* Sport.swift in Sources */ = {isa = PBXBuildFile; fileRef = 561224FC1D26128700FE59D5 /* Sport.swift */; };
		5612250A1D26128700FE59D5 /* Sport.swift in Sources */ = {isa = PBXBuildFile; fileRef = 561224FC1D26128700FE59D5 /* Sport.swift */; };
		5612250B1D26128700FE59D5 /* Swimmer.swift in Sources */ = {isa = PBXBuildFile; fileRef = 561224FD1D26128700FE59D5 /* Swimmer.swift */; };
		5612250C1D26128700FE59D5 /* Swimmer.swift in Sources */ = {isa = PBXBuildFile; fileRef = 561224FD1D26128700FE59D5 /* Swimmer.swift */; };
		5612250D1D26128700FE59D5 /* Triathlon.swift in Sources */ = {isa = PBXBuildFile; fileRef = 561224FE1D26128700FE59D5 /* Triathlon.swift */; };
		5612250E1D26128700FE59D5 /* Triathlon.swift in Sources */ = {isa = PBXBuildFile; fileRef = 561224FE1D26128700FE59D5 /* Triathlon.swift */; };
		561225101D262CF200FE59D5 /* AthleteTests.swift in Sources */ = {isa = PBXBuildFile; fileRef = 5612250F1D262CF200FE59D5 /* AthleteTests.swift */; };
		5636B4151B3BD7FE00B11DFF /* main.swift in Sources */ = {isa = PBXBuildFile; fileRef = 5636B4131B3BD7FE00B11DFF /* main.swift */; };
		56AFBEE020E48B0F00BBDCA0 /* Sport.swift in Sources */ = {isa = PBXBuildFile; fileRef = 561224FC1D26128700FE59D5 /* Sport.swift */; };
		56AFBEE220E48B0F00BBDCA0 /* Athlete.swift in Sources */ = {isa = PBXBuildFile; fileRef = 561224F61D26128700FE59D5 /* Athlete.swift */; };
		56AFBEE520E48B0F00BBDCA0 /* Swimmer.swift in Sources */ = {isa = PBXBuildFile; fileRef = 561224FD1D26128700FE59D5 /* Swimmer.swift */; };
		56AFBEE620E48B0F00BBDCA0 /* Runner.swift in Sources */ = {isa = PBXBuildFile; fileRef = 561224FB1D26128700FE59D5 /* Runner.swift */; };
		56AFBEE820E48B0F00BBDCA0 /* CyclistTests.swift in Sources */ = {isa = PBXBuildFile; fileRef = 561225151D26349B00FE59D5 /* CyclistTests.swift */; };
		56AFBEEA20E48B0F00BBDCA0 /* Participant.swift in Sources */ = {isa = PBXBuildFile; fileRef = 561224FA1D26128700FE59D5 /* Participant.swift */; };
		56AFBEEF20E48B0F00BBDCA0 /* TriathlonEvent.swift in Sources */ = {isa = PBXBuildFile; fileRef = 561224F81D26128700FE59D5 /* TriathlonEvent.swift */; };
		56AFBEF020E48B0F00BBDCA0 /* Cyclist.swift in Sources */ = {isa = PBXBuildFile; fileRef = 561224F71D26128700FE59D5 /* Cyclist.swift */; };
		56AFBEF120E48B0F00BBDCA0 /* Triathlon.swift in Sources */ = {isa = PBXBuildFile; fileRef = 561224FE1D26128700FE59D5 /* Triathlon.swift */; };
		56AFBEFD20E48B1200BBDCA0 /* Sport.swift in Sources */ = {isa = PBXBuildFile; fileRef = 561224FC1D26128700FE59D5 /* Sport.swift */; };
		56AFBEFF20E48B1200BBDCA0 /* Athlete.swift in Sources */ = {isa = PBXBuildFile; fileRef = 561224F61D26128700FE59D5 /* Athlete.swift */; };
		56AFBF0220E48B1200BBDCA0 /* Swimmer.swift in Sources */ = {isa = PBXBuildFile; fileRef = 561224FD1D26128700FE59D5 /* Swimmer.swift */; };
		56AFBF0320E48B1200BBDCA0 /* Runner.swift in Sources */ = {isa = PBXBuildFile; fileRef = 561224FB1D26128700FE59D5 /* Runner.swift */; };
		56AFBF0420E48B1200BBDCA0 /* ParticipantTests.swift in Sources */ = {isa = PBXBuildFile; fileRef = 561225111D262DEE00FE59D5 /* ParticipantTests.swift */; };
		56AFBF0620E48B1200BBDCA0 /* TestParticipant.swift in Sources */ = {isa = PBXBuildFile; fileRef = 5612251D1D26358800FE59D5 /* TestParticipant.swift */; };
		56AFBF0720E48B1200BBDCA0 /* Participant.swift in Sources */ = {isa = PBXBuildFile; fileRef = 561224FA1D26128700FE59D5 /* Participant.swift */; };
		56AFBF0C20E48B1200BBDCA0 /* TriathlonEvent.swift in Sources */ = {isa = PBXBuildFile; fileRef = 561224F81D26128700FE59D5 /* TriathlonEvent.swift */; };
		56AFBF0D20E48B1200BBDCA0 /* Cyclist.swift in Sources */ = {isa = PBXBuildFile; fileRef = 561224F71D26128700FE59D5 /* Cyclist.swift */; };
		56AFBF0E20E48B1200BBDCA0 /* Triathlon.swift in Sources */ = {isa = PBXBuildFile; fileRef = 561224FE1D26128700FE59D5 /* Triathlon.swift */; };
		56AFBF1A20E48B1500BBDCA0 /* Sport.swift in Sources */ = {isa = PBXBuildFile; fileRef = 561224FC1D26128700FE59D5 /* Sport.swift */; };
		56AFBF1C20E48B1500BBDCA0 /* Athlete.swift in Sources */ = {isa = PBXBuildFile; fileRef = 561224F61D26128700FE59D5 /* Athlete.swift */; };
		56AFBF1F20E48B1500BBDCA0 /* Swimmer.swift in Sources */ = {isa = PBXBuildFile; fileRef = 561224FD1D26128700FE59D5 /* Swimmer.swift */; };
		56AFBF2020E48B1500BBDCA0 /* Runner.swift in Sources */ = {isa = PBXBuildFile; fileRef = 561224FB1D26128700FE59D5 /* Runner.swift */; };
		56AFBF2420E48B1500BBDCA0 /* Participant.swift in Sources */ = {isa = PBXBuildFile; fileRef = 561224FA1D26128700FE59D5 /* Participant.swift */; };
		56AFBF2520E48B1500BBDCA0 /* RunnerTests.swift in Sources */ = {isa = PBXBuildFile; fileRef = 561225181D2634A600FE59D5 /* RunnerTests.swift */; };
		56AFBF2920E48B1500BBDCA0 /* TriathlonEvent.swift in Sources */ = {isa = PBXBuildFile; fileRef = 561224F81D26128700FE59D5 /* TriathlonEvent.swift */; };
		56AFBF2A20E48B1500BBDCA0 /* Cyclist.swift in Sources */ = {isa = PBXBuildFile; fileRef = 561224F71D26128700FE59D5 /* Cyclist.swift */; };
		56AFBF2B20E48B1500BBDCA0 /* Triathlon.swift in Sources */ = {isa = PBXBuildFile; fileRef = 561224FE1D26128700FE59D5 /* Triathlon.swift */; };
		56AFBF3720E48B1800BBDCA0 /* Sport.swift in Sources */ = {isa = PBXBuildFile; fileRef = 561224FC1D26128700FE59D5 /* Sport.swift */; };
		56AFBF3920E48B1800BBDCA0 /* Athlete.swift in Sources */ = {isa = PBXBuildFile; fileRef = 561224F61D26128700FE59D5 /* Athlete.swift */; };
		56AFBF3C20E48B1800BBDCA0 /* Swimmer.swift in Sources */ = {isa = PBXBuildFile; fileRef = 561224FD1D26128700FE59D5 /* Swimmer.swift */; };
		56AFBF3D20E48B1800BBDCA0 /* Runner.swift in Sources */ = {isa = PBXBuildFile; fileRef = 561224FB1D26128700FE59D5 /* Runner.swift */; };
		56AFBF4120E48B1800BBDCA0 /* Participant.swift in Sources */ = {isa = PBXBuildFile; fileRef = 561224FA1D26128700FE59D5 /* Participant.swift */; };
		56AFBF4420E48B1800BBDCA0 /* SportTests.swift in Sources */ = {isa = PBXBuildFile; fileRef = 56A2B7401D24E064005BEAA1 /* SportTests.swift */; };
		56AFBF4620E48B1800BBDCA0 /* TriathlonEvent.swift in Sources */ = {isa = PBXBuildFile; fileRef = 561224F81D26128700FE59D5 /* TriathlonEvent.swift */; };
		56AFBF4720E48B1800BBDCA0 /* Cyclist.swift in Sources */ = {isa = PBXBuildFile; fileRef = 561224F71D26128700FE59D5 /* Cyclist.swift */; };
		56AFBF4820E48B1800BBDCA0 /* Triathlon.swift in Sources */ = {isa = PBXBuildFile; fileRef = 561224FE1D26128700FE59D5 /* Triathlon.swift */; };
		56AFBF5420E48B1E00BBDCA0 /* Sport.swift in Sources */ = {isa = PBXBuildFile; fileRef = 561224FC1D26128700FE59D5 /* Sport.swift */; };
		56AFBF5620E48B1E00BBDCA0 /* Athlete.swift in Sources */ = {isa = PBXBuildFile; fileRef = 561224F61D26128700FE59D5 /* Athlete.swift */; };
		56AFBF5920E48B1E00BBDCA0 /* Swimmer.swift in Sources */ = {isa = PBXBuildFile; fileRef = 561224FD1D26128700FE59D5 /* Swimmer.swift */; };
		56AFBF5A20E48B1E00BBDCA0 /* Runner.swift in Sources */ = {isa = PBXBuildFile; fileRef = 561224FB1D26128700FE59D5 /* Runner.swift */; };
		56AFBF5E20E48B1E00BBDCA0 /* Participant.swift in Sources */ = {isa = PBXBuildFile; fileRef = 561224FA1D26128700FE59D5 /* Participant.swift */; };
		56AFBF6220E48B1E00BBDCA0 /* SwimmerTests.swift in Sources */ = {isa = PBXBuildFile; fileRef = 561225131D26344700FE59D5 /* SwimmerTests.swift */; };
		56AFBF6320E48B1E00BBDCA0 /* TriathlonEvent.swift in Sources */ = {isa = PBXBuildFile; fileRef = 561224F81D26128700FE59D5 /* TriathlonEvent.swift */; };
		56AFBF6420E48B1E00BBDCA0 /* Cyclist.swift in Sources */ = {isa = PBXBuildFile; fileRef = 561224F71D26128700FE59D5 /* Cyclist.swift */; };
		56AFBF6520E48B1E00BBDCA0 /* Triathlon.swift in Sources */ = {isa = PBXBuildFile; fileRef = 561224FE1D26128700FE59D5 /* Triathlon.swift */; };
		56AFBF7120E48B2000BBDCA0 /* Sport.swift in Sources */ = {isa = PBXBuildFile; fileRef = 561224FC1D26128700FE59D5 /* Sport.swift */; };
		56AFBF7320E48B2000BBDCA0 /* Athlete.swift in Sources */ = {isa = PBXBuildFile; fileRef = 561224F61D26128700FE59D5 /* Athlete.swift */; };
		56AFBF7420E48B2000BBDCA0 /* TriathlonTests.swift in Sources */ = {isa = PBXBuildFile; fileRef = 56A2B7411D24E064005BEAA1 /* TriathlonTests.swift */; };
		56AFBF7620E48B2000BBDCA0 /* Swimmer.swift in Sources */ = {isa = PBXBuildFile; fileRef = 561224FD1D26128700FE59D5 /* Swimmer.swift */; };
		56AFBF7720E48B2000BBDCA0 /* Runner.swift in Sources */ = {isa = PBXBuildFile; fileRef = 561224FB1D26128700FE59D5 /* Runner.swift */; };
		56AFBF7B20E48B2000BBDCA0 /* Participant.swift in Sources */ = {isa = PBXBuildFile; fileRef = 561224FA1D26128700FE59D5 /* Participant.swift */; };
		56AFBF8020E48B2000BBDCA0 /* TriathlonEvent.swift in Sources */ = {isa = PBXBuildFile; fileRef = 561224F81D26128700FE59D5 /* TriathlonEvent.swift */; };
		56AFBF8120E48B2000BBDCA0 /* Cyclist.swift in Sources */ = {isa = PBXBuildFile; fileRef = 561224F71D26128700FE59D5 /* Cyclist.swift */; };
		56AFBF8220E48B2000BBDCA0 /* Triathlon.swift in Sources */ = {isa = PBXBuildFile; fileRef = 561224FE1D26128700FE59D5 /* Triathlon.swift */; };
		56AFBF8E20E48B2200BBDCA0 /* Sport.swift in Sources */ = {isa = PBXBuildFile; fileRef = 561224FC1D26128700FE59D5 /* Sport.swift */; };
		56AFBF8F20E48B2200BBDCA0 /* TriathlonEventTests.swift in Sources */ = {isa = PBXBuildFile; fileRef = 5612251A1D26350500FE59D5 /* TriathlonEventTests.swift */; };
		56AFBF9020E48B2200BBDCA0 /* Athlete.swift in Sources */ = {isa = PBXBuildFile; fileRef = 561224F61D26128700FE59D5 /* Athlete.swift */; };
		56AFBF9320E48B2200BBDCA0 /* Swimmer.swift in Sources */ = {isa = PBXBuildFile; fileRef = 561224FD1D26128700FE59D5 /* Swimmer.swift */; };
		56AFBF9420E48B2200BBDCA0 /* Runner.swift in Sources */ = {isa = PBXBuildFile; fileRef = 561224FB1D26128700FE59D5 /* Runner.swift */; };
		56AFBF9720E48B2200BBDCA0 /* TestParticipant.swift in Sources */ = {isa = PBXBuildFile; fileRef = 5612251D1D26358800FE59D5 /* TestParticipant.swift */; };
		56AFBF9820E48B2200BBDCA0 /* Participant.swift in Sources */ = {isa = PBXBuildFile; fileRef = 561224FA1D26128700FE59D5 /* Participant.swift */; };
		56AFBF9D20E48B2200BBDCA0 /* TriathlonEvent.swift in Sources */ = {isa = PBXBuildFile; fileRef = 561224F81D26128700FE59D5 /* TriathlonEvent.swift */; };
		56AFBF9E20E48B2200BBDCA0 /* Cyclist.swift in Sources */ = {isa = PBXBuildFile; fileRef = 561224F71D26128700FE59D5 /* Cyclist.swift */; };
		56AFBF9F20E48B2200BBDCA0 /* Triathlon.swift in Sources */ = {isa = PBXBuildFile; fileRef = 561224FE1D26128700FE59D5 /* Triathlon.swift */; };
/* End PBXBuildFile section */

/* Begin PBXContainerItemProxy section */
		5612251F1D2642A100FE59D5 /* PBXContainerItemProxy */ = {
			isa = PBXContainerItemProxy;
			containerPortal = 5636B4001B3BD7CE00B11DFF /* Project object */;
			proxyType = 1;
			remoteGlobalIDString = 5636B4071B3BD7CE00B11DFF;
			remoteInfo = Assignment1;
		};
		56AFBEDE20E48B0F00BBDCA0 /* PBXContainerItemProxy */ = {
			isa = PBXContainerItemProxy;
			containerPortal = 5636B4001B3BD7CE00B11DFF /* Project object */;
			proxyType = 1;
			remoteGlobalIDString = 5636B4071B3BD7CE00B11DFF;
			remoteInfo = Assignment1;
		};
		56AFBEFB20E48B1200BBDCA0 /* PBXContainerItemProxy */ = {
			isa = PBXContainerItemProxy;
			containerPortal = 5636B4001B3BD7CE00B11DFF /* Project object */;
			proxyType = 1;
			remoteGlobalIDString = 5636B4071B3BD7CE00B11DFF;
			remoteInfo = Assignment1;
		};
		56AFBF1820E48B1500BBDCA0 /* PBXContainerItemProxy */ = {
			isa = PBXContainerItemProxy;
			containerPortal = 5636B4001B3BD7CE00B11DFF /* Project object */;
			proxyType = 1;
			remoteGlobalIDString = 5636B4071B3BD7CE00B11DFF;
			remoteInfo = Assignment1;
		};
		56AFBF3520E48B1800BBDCA0 /* PBXContainerItemProxy */ = {
			isa = PBXContainerItemProxy;
			containerPortal = 5636B4001B3BD7CE00B11DFF /* Project object */;
			proxyType = 1;
			remoteGlobalIDString = 5636B4071B3BD7CE00B11DFF;
			remoteInfo = Assignment1;
		};
		56AFBF5220E48B1E00BBDCA0 /* PBXContainerItemProxy */ = {
			isa = PBXContainerItemProxy;
			containerPortal = 5636B4001B3BD7CE00B11DFF /* Project object */;
			proxyType = 1;
			remoteGlobalIDString = 5636B4071B3BD7CE00B11DFF;
			remoteInfo = Assignment1;
		};
		56AFBF6F20E48B2000BBDCA0 /* PBXContainerItemProxy */ = {
			isa = PBXContainerItemProxy;
			containerPortal = 5636B4001B3BD7CE00B11DFF /* Project object */;
			proxyType = 1;
			remoteGlobalIDString = 5636B4071B3BD7CE00B11DFF;
			remoteInfo = Assignment1;
		};
		56AFBF8C20E48B2200BBDCA0 /* PBXContainerItemProxy */ = {
			isa = PBXContainerItemProxy;
			containerPortal = 5636B4001B3BD7CE00B11DFF /* Project object */;
			proxyType = 1;
			remoteGlobalIDString = 5636B4071B3BD7CE00B11DFF;
			remoteInfo = Assignment1;
		};
/* End PBXContainerItemProxy section */

/* Begin PBXCopyFilesBuildPhase section */
		5636B4061B3BD7CE00B11DFF /* CopyFiles */ = {
			isa = PBXCopyFilesBuildPhase;
			buildActionMask = 2147483647;
			dstPath = /usr/share/man/man1/;
			dstSubfolderSpec = 0;
			files = (
			);
			runOnlyForDeploymentPostprocessing = 1;
		};
/* End PBXCopyFilesBuildPhase section */

/* Begin PBXFileReference section */
		561224F61D26128700FE59D5 /* Athlete.swift */ = {isa = PBXFileReference; fileEncoding = 4; lastKnownFileType = sourcecode.swift; path = Athlete.swift; sourceTree = "<group>"; };
		561224F71D26128700FE59D5 /* Cyclist.swift */ = {isa = PBXFileReference; fileEncoding = 4; lastKnownFileType = sourcecode.swift; path = Cyclist.swift; sourceTree = "<group>"; };
		561224F81D26128700FE59D5 /* TriathlonEvent.swift */ = {isa = PBXFileReference; fileEncoding = 4; lastKnownFileType = sourcecode.swift; path = TriathlonEvent.swift; sourceTree = "<group>"; };
		561224FA1D26128700FE59D5 /* Participant.swift */ = {isa = PBXFileReference; fileEncoding = 4; lastKnownFileType = sourcecode.swift; path = Participant.swift; sourceTree = "<group>"; };
		561224FB1D26128700FE59D5 /* Runner.swift */ = {isa = PBXFileReference; fileEncoding = 4; lastKnownFileType = sourcecode.swift; path = Runner.swift; sourceTree = "<group>"; };
		561224FC1D26128700FE59D5 /* Sport.swift */ = {isa = PBXFileReference; fileEncoding = 4; lastKnownFileType = sourcecode.swift; path = Sport.swift; sourceTree = "<group>"; };
		561224FD1D26128700FE59D5 /* Swimmer.swift */ = {isa = PBXFileReference; fileEncoding = 4; lastKnownFileType = sourcecode.swift; path = Swimmer.swift; sourceTree = "<group>"; };
		561224FE1D26128700FE59D5 /* Triathlon.swift */ = {isa = PBXFileReference; fileEncoding = 4; lastKnownFileType = sourcecode.swift; path = Triathlon.swift; sourceTree = "<group>"; };
		5612250F1D262CF200FE59D5 /* AthleteTests.swift */ = {isa = PBXFileReference; fileEncoding = 4; lastKnownFileType = sourcecode.swift; path = AthleteTests.swift; sourceTree = "<group>"; };
		561225111D262DEE00FE59D5 /* ParticipantTests.swift */ = {isa = PBXFileReference; fileEncoding = 4; lastKnownFileType = sourcecode.swift; path = ParticipantTests.swift; sourceTree = "<group>"; };
		561225131D26344700FE59D5 /* SwimmerTests.swift */ = {isa = PBXFileReference; fileEncoding = 4; lastKnownFileType = sourcecode.swift; path = SwimmerTests.swift; sourceTree = "<group>"; };
		561225151D26349B00FE59D5 /* CyclistTests.swift */ = {isa = PBXFileReference; fileEncoding = 4; lastKnownFileType = sourcecode.swift; path = CyclistTests.swift; sourceTree = "<group>"; };
		561225181D2634A600FE59D5 /* RunnerTests.swift */ = {isa = PBXFileReference; fileEncoding = 4; lastKnownFileType = sourcecode.swift; path = RunnerTests.swift; sourceTree = "<group>"; };
		5612251A1D26350500FE59D5 /* TriathlonEventTests.swift */ = {isa = PBXFileReference; fileEncoding = 4; lastKnownFileType = sourcecode.swift; path = TriathlonEventTests.swift; sourceTree = "<group>"; };
		5612251D1D26358800FE59D5 /* TestParticipant.swift */ = {isa = PBXFileReference; fileEncoding = 4; lastKnownFileType = sourcecode.swift; path = TestParticipant.swift; sourceTree = "<group>"; };
		5636B4081B3BD7CE00B11DFF /* Assignment1 */ = {isa = PBXFileReference; explicitFileType = "compiled.mach-o.executable"; includeInIndex = 0; path = Assignment1; sourceTree = BUILT_PRODUCTS_DIR; };
		5636B4131B3BD7FE00B11DFF /* main.swift */ = {isa = PBXFileReference; fileEncoding = 4; lastKnownFileType = sourcecode.swift; path = main.swift; sourceTree = "<group>"; };
		56A2B72D1D24D32D005BEAA1 /* Assignment1.playground */ = {isa = PBXFileReference; lastKnownFileType = file.playground; path = Assignment1.playground; sourceTree = "<group>"; };
		56A2B7321D24DBF7005BEAA1 /* AthleteTests.xctest */ = {isa = PBXFileReference; explicitFileType = wrapper.cfbundle; includeInIndex = 0; path = AthleteTests.xctest; sourceTree = BUILT_PRODUCTS_DIR; };
		56A2B73E1D24E064005BEAA1 /* Info.plist */ = {isa = PBXFileReference; fileEncoding = 4; lastKnownFileType = text.plist.xml; path = Info.plist; sourceTree = "<group>"; };
		56A2B7401D24E064005BEAA1 /* SportTests.swift */ = {isa = PBXFileReference; fileEncoding = 4; lastKnownFileType = sourcecode.swift; path = SportTests.swift; sourceTree = "<group>"; };
		56A2B7411D24E064005BEAA1 /* TriathlonTests.swift */ = {isa = PBXFileReference; fileEncoding = 4; lastKnownFileType = sourcecode.swift; path = TriathlonTests.swift; sourceTree = "<group>"; };
		56AFBEF720E48B0F00BBDCA0 /* CyclistTests.xctest */ = {isa = PBXFileReference; explicitFileType = wrapper.cfbundle; includeInIndex = 0; path = CyclistTests.xctest; sourceTree = BUILT_PRODUCTS_DIR; };
		56AFBF1420E48B1200BBDCA0 /* ParticipantTests.xctest */ = {isa = PBXFileReference; explicitFileType = wrapper.cfbundle; includeInIndex = 0; path = ParticipantTests.xctest; sourceTree = BUILT_PRODUCTS_DIR; };
		56AFBF3120E48B1500BBDCA0 /* RunnerTests.xctest */ = {isa = PBXFileReference; explicitFileType = wrapper.cfbundle; includeInIndex = 0; path = RunnerTests.xctest; sourceTree = BUILT_PRODUCTS_DIR; };
		56AFBF4E20E48B1800BBDCA0 /* SportTests.xctest */ = {isa = PBXFileReference; explicitFileType = wrapper.cfbundle; includeInIndex = 0; path = SportTests.xctest; sourceTree = BUILT_PRODUCTS_DIR; };
		56AFBF6B20E48B1E00BBDCA0 /* SwimmerTests.xctest */ = {isa = PBXFileReference; explicitFileType = wrapper.cfbundle; includeInIndex = 0; path = SwimmerTests.xctest; sourceTree = BUILT_PRODUCTS_DIR; };
		56AFBF8820E48B2000BBDCA0 /* TriathlonTests.xctest */ = {isa = PBXFileReference; explicitFileType = wrapper.cfbundle; includeInIndex = 0; path = TriathlonTests.xctest; sourceTree = BUILT_PRODUCTS_DIR; };
		56AFBFA520E48B2200BBDCA0 /* TriathlonEventTests.xctest */ = {isa = PBXFileReference; explicitFileType = wrapper.cfbundle; includeInIndex = 0; path = TriathlonEventTests.xctest; sourceTree = BUILT_PRODUCTS_DIR; };
/* End PBXFileReference section */

/* Begin PBXFrameworksBuildPhase section */
		5636B4051B3BD7CE00B11DFF /* Frameworks */ = {
			isa = PBXFrameworksBuildPhase;
			buildActionMask = 2147483647;
			files = (
			);
			runOnlyForDeploymentPostprocessing = 0;
		};
		56A2B72F1D24DBF7005BEAA1 /* Frameworks */ = {
			isa = PBXFrameworksBuildPhase;
			buildActionMask = 2147483647;
			files = (
			);
			runOnlyForDeploymentPostprocessing = 0;
		};
		56AFBEF220E48B0F00BBDCA0 /* Frameworks */ = {
			isa = PBXFrameworksBuildPhase;
			buildActionMask = 2147483647;
			files = (
			);
			runOnlyForDeploymentPostprocessing = 0;
		};
		56AFBF0F20E48B1200BBDCA0 /* Frameworks */ = {
			isa = PBXFrameworksBuildPhase;
			buildActionMask = 2147483647;
			files = (
			);
			runOnlyForDeploymentPostprocessing = 0;
		};
		56AFBF2C20E48B1500BBDCA0 /* Frameworks */ = {
			isa = PBXFrameworksBuildPhase;
			buildActionMask = 2147483647;
			files = (
			);
			runOnlyForDeploymentPostprocessing = 0;
		};
		56AFBF4920E48B1800BBDCA0 /* Frameworks */ = {
			isa = PBXFrameworksBuildPhase;
			buildActionMask = 2147483647;
			files = (
			);
			runOnlyForDeploymentPostprocessing = 0;
		};
		56AFBF6620E48B1E00BBDCA0 /* Frameworks */ = {
			isa = PBXFrameworksBuildPhase;
			buildActionMask = 2147483647;
			files = (
			);
			runOnlyForDeploymentPostprocessing = 0;
		};
		56AFBF8320E48B2000BBDCA0 /* Frameworks */ = {
			isa = PBXFrameworksBuildPhase;
			buildActionMask = 2147483647;
			files = (
			);
			runOnlyForDeploymentPostprocessing = 0;
		};
		56AFBFA020E48B2200BBDCA0 /* Frameworks */ = {
			isa = PBXFrameworksBuildPhase;
			buildActionMask = 2147483647;
			files = (
			);
			runOnlyForDeploymentPostprocessing = 0;
		};
/* End PBXFrameworksBuildPhase section */

/* Begin PBXGroup section */
		561224F91D26128700FE59D5 /* Protocol */ = {
			isa = PBXGroup;
			children = (
				561224FA1D26128700FE59D5 /* Participant.swift */,
			);
			path = Protocol;
			sourceTree = "<group>";
		};
		5612251C1D26356F00FE59D5 /* TestTypes */ = {
			isa = PBXGroup;
			children = (
				5612251D1D26358800FE59D5 /* TestParticipant.swift */,
			);
			path = TestTypes;
			sourceTree = "<group>";
		};
		5636B3FF1B3BD7CE00B11DFF = {
			isa = PBXGroup;
			children = (
				56A2B72D1D24D32D005BEAA1 /* Assignment1.playground */,
				5636B40A1B3BD7CE00B11DFF /* Assignment1 */,
				56A2B7331D24DBF7005BEAA1 /* Assignment1UnitTests */,
				5636B4091B3BD7CE00B11DFF /* Products */,
			);
			sourceTree = "<group>";
		};
		5636B4091B3BD7CE00B11DFF /* Products */ = {
			isa = PBXGroup;
			children = (
				5636B4081B3BD7CE00B11DFF /* Assignment1 */,
				56A2B7321D24DBF7005BEAA1 /* AthleteTests.xctest */,
				56AFBEF720E48B0F00BBDCA0 /* CyclistTests.xctest */,
				56AFBF1420E48B1200BBDCA0 /* ParticipantTests.xctest */,
				56AFBF3120E48B1500BBDCA0 /* RunnerTests.xctest */,
				56AFBF4E20E48B1800BBDCA0 /* SportTests.xctest */,
				56AFBF6B20E48B1E00BBDCA0 /* SwimmerTests.xctest */,
				56AFBF8820E48B2000BBDCA0 /* TriathlonTests.xctest */,
				56AFBFA520E48B2200BBDCA0 /* TriathlonEventTests.xctest */,
			);
			name = Products;
			sourceTree = "<group>";
		};
		5636B40A1B3BD7CE00B11DFF /* Assignment1 */ = {
			isa = PBXGroup;
			children = (
				5636B4121B3BD7FE00B11DFF /* Source */,
			);
			path = Assignment1;
			sourceTree = "<group>";
		};
		5636B4121B3BD7FE00B11DFF /* Source */ = {
			isa = PBXGroup;
			children = (
				561224F91D26128700FE59D5 /* Protocol */,
				561224F61D26128700FE59D5 /* Athlete.swift */,
				561224F71D26128700FE59D5 /* Cyclist.swift */,
				5636B4131B3BD7FE00B11DFF /* main.swift */,
				561224FB1D26128700FE59D5 /* Runner.swift */,
				561224FC1D26128700FE59D5 /* Sport.swift */,
				561224FD1D26128700FE59D5 /* Swimmer.swift */,
				561224FE1D26128700FE59D5 /* Triathlon.swift */,
				561224F81D26128700FE59D5 /* TriathlonEvent.swift */,
			);
			path = Source;
			sourceTree = "<group>";
		};
		56A2B7331D24DBF7005BEAA1 /* Assignment1UnitTests */ = {
			isa = PBXGroup;
			children = (
				56A2B73D1D24E064005BEAA1 /* Resources */,
				56A2B73F1D24E064005BEAA1 /* Source */,
			);
			path = Assignment1UnitTests;
			sourceTree = "<group>";
		};
		56A2B73D1D24E064005BEAA1 /* Resources */ = {
			isa = PBXGroup;
			children = (
				56A2B73E1D24E064005BEAA1 /* Info.plist */,
			);
			path = Resources;
			sourceTree = "<group>";
		};
		56A2B73F1D24E064005BEAA1 /* Source */ = {
			isa = PBXGroup;
			children = (
				5612251C1D26356F00FE59D5 /* TestTypes */,
				5612250F1D262CF200FE59D5 /* AthleteTests.swift */,
				561225151D26349B00FE59D5 /* CyclistTests.swift */,
				561225111D262DEE00FE59D5 /* ParticipantTests.swift */,
				561225181D2634A600FE59D5 /* RunnerTests.swift */,
				56A2B7401D24E064005BEAA1 /* SportTests.swift */,
				561225131D26344700FE59D5 /* SwimmerTests.swift */,
				56A2B7411D24E064005BEAA1 /* TriathlonTests.swift */,
				5612251A1D26350500FE59D5 /* TriathlonEventTests.swift */,
			);
			path = Source;
			sourceTree = "<group>";
		};
/* End PBXGroup section */

/* Begin PBXNativeTarget section */
		5636B4071B3BD7CE00B11DFF /* Assignment1 */ = {
			isa = PBXNativeTarget;
			buildConfigurationList = 5636B40F1B3BD7CE00B11DFF /* Build configuration list for PBXNativeTarget "Assignment1" */;
			buildPhases = (
				5636B4041B3BD7CE00B11DFF /* Sources */,
				5636B4051B3BD7CE00B11DFF /* Frameworks */,
				5636B4061B3BD7CE00B11DFF /* CopyFiles */,
			);
			buildRules = (
			);
			dependencies = (
			);
			name = Assignment1;
			productName = Assignment1;
			productReference = 5636B4081B3BD7CE00B11DFF /* Assignment1 */;
			productType = "com.apple.product-type.tool";
		};
		56A2B7311D24DBF7005BEAA1 /* AthleteTests */ = {
			isa = PBXNativeTarget;
			buildConfigurationList = 56A2B7371D24DBF7005BEAA1 /* Build configuration list for PBXNativeTarget "AthleteTests" */;
			buildPhases = (
				56A2B72E1D24DBF7005BEAA1 /* Sources */,
				56A2B72F1D24DBF7005BEAA1 /* Frameworks */,
				56A2B7301D24DBF7005BEAA1 /* Resources */,
			);
			buildRules = (
			);
			dependencies = (
				561225201D2642A100FE59D5 /* PBXTargetDependency */,
			);
			name = AthleteTests;
			productName = Assignment1UnitTests;
			productReference = 56A2B7321D24DBF7005BEAA1 /* AthleteTests.xctest */;
			productType = "com.apple.product-type.bundle.unit-test";
		};
		56AFBEDC20E48B0F00BBDCA0 /* CyclistTests */ = {
			isa = PBXNativeTarget;
			buildConfigurationList = 56AFBEF420E48B0F00BBDCA0 /* Build configuration list for PBXNativeTarget "CyclistTests" */;
			buildPhases = (
				56AFBEDF20E48B0F00BBDCA0 /* Sources */,
				56AFBEF220E48B0F00BBDCA0 /* Frameworks */,
				56AFBEF320E48B0F00BBDCA0 /* Resources */,
			);
			buildRules = (
			);
			dependencies = (
				56AFBEDD20E48B0F00BBDCA0 /* PBXTargetDependency */,
			);
			name = CyclistTests;
			productName = Assignment1UnitTests;
			productReference = 56AFBEF720E48B0F00BBDCA0 /* CyclistTests.xctest */;
			productType = "com.apple.product-type.bundle.unit-test";
		};
		56AFBEF920E48B1200BBDCA0 /* ParticipantTests */ = {
			isa = PBXNativeTarget;
			buildConfigurationList = 56AFBF1120E48B1200BBDCA0 /* Build configuration list for PBXNativeTarget "ParticipantTests" */;
			buildPhases = (
				56AFBEFC20E48B1200BBDCA0 /* Sources */,
				56AFBF0F20E48B1200BBDCA0 /* Frameworks */,
				56AFBF1020E48B1200BBDCA0 /* Resources */,
			);
			buildRules = (
			);
			dependencies = (
				56AFBEFA20E48B1200BBDCA0 /* PBXTargetDependency */,
			);
			name = ParticipantTests;
			productName = Assignment1UnitTests;
			productReference = 56AFBF1420E48B1200BBDCA0 /* ParticipantTests.xctest */;
			productType = "com.apple.product-type.bundle.unit-test";
		};
		56AFBF1620E48B1500BBDCA0 /* RunnerTests */ = {
			isa = PBXNativeTarget;
			buildConfigurationList = 56AFBF2E20E48B1500BBDCA0 /* Build configuration list for PBXNativeTarget "RunnerTests" */;
			buildPhases = (
				56AFBF1920E48B1500BBDCA0 /* Sources */,
				56AFBF2C20E48B1500BBDCA0 /* Frameworks */,
				56AFBF2D20E48B1500BBDCA0 /* Resources */,
			);
			buildRules = (
			);
			dependencies = (
				56AFBF1720E48B1500BBDCA0 /* PBXTargetDependency */,
			);
			name = RunnerTests;
			productName = Assignment1UnitTests;
			productReference = 56AFBF3120E48B1500BBDCA0 /* RunnerTests.xctest */;
			productType = "com.apple.product-type.bundle.unit-test";
		};
		56AFBF3320E48B1800BBDCA0 /* SportTests */ = {
			isa = PBXNativeTarget;
			buildConfigurationList = 56AFBF4B20E48B1800BBDCA0 /* Build configuration list for PBXNativeTarget "SportTests" */;
			buildPhases = (
				56AFBF3620E48B1800BBDCA0 /* Sources */,
				56AFBF4920E48B1800BBDCA0 /* Frameworks */,
				56AFBF4A20E48B1800BBDCA0 /* Resources */,
			);
			buildRules = (
			);
			dependencies = (
				56AFBF3420E48B1800BBDCA0 /* PBXTargetDependency */,
			);
			name = SportTests;
			productName = Assignment1UnitTests;
			productReference = 56AFBF4E20E48B1800BBDCA0 /* SportTests.xctest */;
			productType = "com.apple.product-type.bundle.unit-test";
		};
		56AFBF5020E48B1E00BBDCA0 /* SwimmerTests */ = {
			isa = PBXNativeTarget;
			buildConfigurationList = 56AFBF6820E48B1E00BBDCA0 /* Build configuration list for PBXNativeTarget "SwimmerTests" */;
			buildPhases = (
				56AFBF5320E48B1E00BBDCA0 /* Sources */,
				56AFBF6620E48B1E00BBDCA0 /* Frameworks */,
				56AFBF6720E48B1E00BBDCA0 /* Resources */,
			);
			buildRules = (
			);
			dependencies = (
				56AFBF5120E48B1E00BBDCA0 /* PBXTargetDependency */,
			);
			name = SwimmerTests;
			productName = Assignment1UnitTests;
			productReference = 56AFBF6B20E48B1E00BBDCA0 /* SwimmerTests.xctest */;
			productType = "com.apple.product-type.bundle.unit-test";
		};
		56AFBF6D20E48B2000BBDCA0 /* TriathlonTests */ = {
			isa = PBXNativeTarget;
			buildConfigurationList = 56AFBF8520E48B2000BBDCA0 /* Build configuration list for PBXNativeTarget "TriathlonTests" */;
			buildPhases = (
				56AFBF7020E48B2000BBDCA0 /* Sources */,
				56AFBF8320E48B2000BBDCA0 /* Frameworks */,
				56AFBF8420E48B2000BBDCA0 /* Resources */,
			);
			buildRules = (
			);
			dependencies = (
				56AFBF6E20E48B2000BBDCA0 /* PBXTargetDependency */,
			);
			name = TriathlonTests;
			productName = Assignment1UnitTests;
			productReference = 56AFBF8820E48B2000BBDCA0 /* TriathlonTests.xctest */;
			productType = "com.apple.product-type.bundle.unit-test";
		};
		56AFBF8A20E48B2200BBDCA0 /* TriathlonEventTests */ = {
			isa = PBXNativeTarget;
			buildConfigurationList = 56AFBFA220E48B2200BBDCA0 /* Build configuration list for PBXNativeTarget "TriathlonEventTests" */;
			buildPhases = (
				56AFBF8D20E48B2200BBDCA0 /* Sources */,
				56AFBFA020E48B2200BBDCA0 /* Frameworks */,
				56AFBFA120E48B2200BBDCA0 /* Resources */,
			);
			buildRules = (
			);
			dependencies = (
				56AFBF8B20E48B2200BBDCA0 /* PBXTargetDependency */,
			);
			name = TriathlonEventTests;
			productName = Assignment1UnitTests;
			productReference = 56AFBFA520E48B2200BBDCA0 /* TriathlonEventTests.xctest */;
			productType = "com.apple.product-type.bundle.unit-test";
		};
/* End PBXNativeTarget section */

/* Begin PBXProject section */
		5636B4001B3BD7CE00B11DFF /* Project object */ = {
			isa = PBXProject;
			attributes = {
				LastSwiftUpdateCheck = 0730;
				LastUpgradeCheck = 1250;
				TargetAttributes = {
					5636B4071B3BD7CE00B11DFF = {
						CreatedOnToolsVersion = 6.3.2;
						LastSwiftMigration = 0900;
					};
					56A2B7311D24DBF7005BEAA1 = {
						CreatedOnToolsVersion = 7.3.1;
						LastSwiftMigration = 0900;
					};
				};
			};
			buildConfigurationList = 5636B4031B3BD7CE00B11DFF /* Build configuration list for PBXProject "Assignment1" */;
			compatibilityVersion = "Xcode 9.3";
			developmentRegion = en;
			hasScannedForEncodings = 0;
			knownRegions = (
				en,
				Base,
			);
			mainGroup = 5636B3FF1B3BD7CE00B11DFF;
			productRefGroup = 5636B4091B3BD7CE00B11DFF /* Products */;
			projectDirPath = "";
			projectRoot = "";
			targets = (
				5636B4071B3BD7CE00B11DFF /* Assignment1 */,
				56A2B7311D24DBF7005BEAA1 /* AthleteTests */,
				56AFBEDC20E48B0F00BBDCA0 /* CyclistTests */,
				56AFBEF920E48B1200BBDCA0 /* ParticipantTests */,
				56AFBF1620E48B1500BBDCA0 /* RunnerTests */,
				56AFBF3320E48B1800BBDCA0 /* SportTests */,
				56AFBF5020E48B1E00BBDCA0 /* SwimmerTests */,
				56AFBF6D20E48B2000BBDCA0 /* TriathlonTests */,
				56AFBF8A20E48B2200BBDCA0 /* TriathlonEventTests */,
			);
		};
/* End PBXProject section */

/* Begin PBXResourcesBuildPhase section */
		56A2B7301D24DBF7005BEAA1 /* Resources */ = {
			isa = PBXResourcesBuildPhase;
			buildActionMask = 2147483647;
			files = (
			);
			runOnlyForDeploymentPostprocessing = 0;
		};
		56AFBEF320E48B0F00BBDCA0 /* Resources */ = {
			isa = PBXResourcesBuildPhase;
			buildActionMask = 2147483647;
			files = (
			);
			runOnlyForDeploymentPostprocessing = 0;
		};
		56AFBF1020E48B1200BBDCA0 /* Resources */ = {
			isa = PBXResourcesBuildPhase;
			buildActionMask = 2147483647;
			files = (
			);
			runOnlyForDeploymentPostprocessing = 0;
		};
		56AFBF2D20E48B1500BBDCA0 /* Resources */ = {
			isa = PBXResourcesBuildPhase;
			buildActionMask = 2147483647;
			files = (
			);
			runOnlyForDeploymentPostprocessing = 0;
		};
		56AFBF4A20E48B1800BBDCA0 /* Resources */ = {
			isa = PBXResourcesBuildPhase;
			buildActionMask = 2147483647;
			files = (
			);
			runOnlyForDeploymentPostprocessing = 0;
		};
		56AFBF6720E48B1E00BBDCA0 /* Resources */ = {
			isa = PBXResourcesBuildPhase;
			buildActionMask = 2147483647;
			files = (
			);
			runOnlyForDeploymentPostprocessing = 0;
		};
		56AFBF8420E48B2000BBDCA0 /* Resources */ = {
			isa = PBXResourcesBuildPhase;
			buildActionMask = 2147483647;
			files = (
			);
			runOnlyForDeploymentPostprocessing = 0;
		};
		56AFBFA120E48B2200BBDCA0 /* Resources */ = {
			isa = PBXResourcesBuildPhase;
			buildActionMask = 2147483647;
			files = (
			);
			runOnlyForDeploymentPostprocessing = 0;
		};
/* End PBXResourcesBuildPhase section */

/* Begin PBXSourcesBuildPhase section */
		5636B4041B3BD7CE00B11DFF /* Sources */ = {
			isa = PBXSourcesBuildPhase;
			buildActionMask = 2147483647;
			files = (
				5636B4151B3BD7FE00B11DFF /* main.swift in Sources */,
				561225091D26128700FE59D5 /* Sport.swift in Sources */,
				5612250B1D26128700FE59D5 /* Swimmer.swift in Sources */,
				561225071D26128700FE59D5 /* Runner.swift in Sources */,
				561225011D26128700FE59D5 /* Cyclist.swift in Sources */,
				561225051D26128700FE59D5 /* Participant.swift in Sources */,
				5612250D1D26128700FE59D5 /* Triathlon.swift in Sources */,
				561225031D26128700FE59D5 /* TriathlonEvent.swift in Sources */,
				561224FF1D26128700FE59D5 /* Athlete.swift in Sources */,
			);
			runOnlyForDeploymentPostprocessing = 0;
		};
		56A2B72E1D24DBF7005BEAA1 /* Sources */ = {
			isa = PBXSourcesBuildPhase;
			buildActionMask = 2147483647;
			files = (
				5612250A1D26128700FE59D5 /* Sport.swift in Sources */,
				561225001D26128700FE59D5 /* Athlete.swift in Sources */,
				5612250C1D26128700FE59D5 /* Swimmer.swift in Sources */,
				561225081D26128700FE59D5 /* Runner.swift in Sources */,
				561225061D26128700FE59D5 /* Participant.swift in Sources */,
				561225101D262CF200FE59D5 /* AthleteTests.swift in Sources */,
				561225041D26128700FE59D5 /* TriathlonEvent.swift in Sources */,
				561225021D26128700FE59D5 /* Cyclist.swift in Sources */,
				5612250E1D26128700FE59D5 /* Triathlon.swift in Sources */,
			);
			runOnlyForDeploymentPostprocessing = 0;
		};
		56AFBEDF20E48B0F00BBDCA0 /* Sources */ = {
			isa = PBXSourcesBuildPhase;
			buildActionMask = 2147483647;
			files = (
				56AFBEE020E48B0F00BBDCA0 /* Sport.swift in Sources */,
				56AFBEE220E48B0F00BBDCA0 /* Athlete.swift in Sources */,
				56AFBEE520E48B0F00BBDCA0 /* Swimmer.swift in Sources */,
				56AFBEE620E48B0F00BBDCA0 /* Runner.swift in Sources */,
				56AFBEE820E48B0F00BBDCA0 /* CyclistTests.swift in Sources */,
				56AFBEEA20E48B0F00BBDCA0 /* Participant.swift in Sources */,
				56AFBEEF20E48B0F00BBDCA0 /* TriathlonEvent.swift in Sources */,
				56AFBEF020E48B0F00BBDCA0 /* Cyclist.swift in Sources */,
				56AFBEF120E48B0F00BBDCA0 /* Triathlon.swift in Sources */,
			);
			runOnlyForDeploymentPostprocessing = 0;
		};
		56AFBEFC20E48B1200BBDCA0 /* Sources */ = {
			isa = PBXSourcesBuildPhase;
			buildActionMask = 2147483647;
			files = (
				56AFBEFD20E48B1200BBDCA0 /* Sport.swift in Sources */,
				56AFBEFF20E48B1200BBDCA0 /* Athlete.swift in Sources */,
				56AFBF0220E48B1200BBDCA0 /* Swimmer.swift in Sources */,
				56AFBF0320E48B1200BBDCA0 /* Runner.swift in Sources */,
				56AFBF0420E48B1200BBDCA0 /* ParticipantTests.swift in Sources */,
				56AFBF0620E48B1200BBDCA0 /* TestParticipant.swift in Sources */,
				56AFBF0720E48B1200BBDCA0 /* Participant.swift in Sources */,
				56AFBF0C20E48B1200BBDCA0 /* TriathlonEvent.swift in Sources */,
				56AFBF0D20E48B1200BBDCA0 /* Cyclist.swift in Sources */,
				56AFBF0E20E48B1200BBDCA0 /* Triathlon.swift in Sources */,
			);
			runOnlyForDeploymentPostprocessing = 0;
		};
		56AFBF1920E48B1500BBDCA0 /* Sources */ = {
			isa = PBXSourcesBuildPhase;
			buildActionMask = 2147483647;
			files = (
				56AFBF1A20E48B1500BBDCA0 /* Sport.swift in Sources */,
				56AFBF1C20E48B1500BBDCA0 /* Athlete.swift in Sources */,
				56AFBF1F20E48B1500BBDCA0 /* Swimmer.swift in Sources */,
				56AFBF2020E48B1500BBDCA0 /* Runner.swift in Sources */,
				56AFBF2420E48B1500BBDCA0 /* Participant.swift in Sources */,
				56AFBF2520E48B1500BBDCA0 /* RunnerTests.swift in Sources */,
				56AFBF2920E48B1500BBDCA0 /* TriathlonEvent.swift in Sources */,
				56AFBF2A20E48B1500BBDCA0 /* Cyclist.swift in Sources */,
				56AFBF2B20E48B1500BBDCA0 /* Triathlon.swift in Sources */,
			);
			runOnlyForDeploymentPostprocessing = 0;
		};
		56AFBF3620E48B1800BBDCA0 /* Sources */ = {
			isa = PBXSourcesBuildPhase;
			buildActionMask = 2147483647;
			files = (
				56AFBF3720E48B1800BBDCA0 /* Sport.swift in Sources */,
				56AFBF3920E48B1800BBDCA0 /* Athlete.swift in Sources */,
				56AFBF3C20E48B1800BBDCA0 /* Swimmer.swift in Sources */,
				56AFBF3D20E48B1800BBDCA0 /* Runner.swift in Sources */,
				56AFBF4120E48B1800BBDCA0 /* Participant.swift in Sources */,
				56AFBF4420E48B1800BBDCA0 /* SportTests.swift in Sources */,
				56AFBF4620E48B1800BBDCA0 /* TriathlonEvent.swift in Sources */,
				56AFBF4720E48B1800BBDCA0 /* Cyclist.swift in Sources */,
				56AFBF4820E48B1800BBDCA0 /* Triathlon.swift in Sources */,
			);
			runOnlyForDeploymentPostprocessing = 0;
		};
		56AFBF5320E48B1E00BBDCA0 /* Sources */ = {
			isa = PBXSourcesBuildPhase;
			buildActionMask = 2147483647;
			files = (
				56AFBF5420E48B1E00BBDCA0 /* Sport.swift in Sources */,
				56AFBF5620E48B1E00BBDCA0 /* Athlete.swift in Sources */,
				56AFBF5920E48B1E00BBDCA0 /* Swimmer.swift in Sources */,
				56AFBF5A20E48B1E00BBDCA0 /* Runner.swift in Sources */,
				56AFBF5E20E48B1E00BBDCA0 /* Participant.swift in Sources */,
				56AFBF6220E48B1E00BBDCA0 /* SwimmerTests.swift in Sources */,
				56AFBF6320E48B1E00BBDCA0 /* TriathlonEvent.swift in Sources */,
				56AFBF6420E48B1E00BBDCA0 /* Cyclist.swift in Sources */,
				56AFBF6520E48B1E00BBDCA0 /* Triathlon.swift in Sources */,
			);
			runOnlyForDeploymentPostprocessing = 0;
		};
		56AFBF7020E48B2000BBDCA0 /* Sources */ = {
			isa = PBXSourcesBuildPhase;
			buildActionMask = 2147483647;
			files = (
				56AFBF7120E48B2000BBDCA0 /* Sport.swift in Sources */,
				56AFBF7320E48B2000BBDCA0 /* Athlete.swift in Sources */,
				56AFBF7420E48B2000BBDCA0 /* TriathlonTests.swift in Sources */,
				56AFBF7620E48B2000BBDCA0 /* Swimmer.swift in Sources */,
				56AFBF7720E48B2000BBDCA0 /* Runner.swift in Sources */,
				56AFBF7B20E48B2000BBDCA0 /* Participant.swift in Sources */,
				56AFBF8020E48B2000BBDCA0 /* TriathlonEvent.swift in Sources */,
				56AFBF8120E48B2000BBDCA0 /* Cyclist.swift in Sources */,
				56AFBF8220E48B2000BBDCA0 /* Triathlon.swift in Sources */,
			);
			runOnlyForDeploymentPostprocessing = 0;
		};
		56AFBF8D20E48B2200BBDCA0 /* Sources */ = {
			isa = PBXSourcesBuildPhase;
			buildActionMask = 2147483647;
			files = (
				56AFBF8E20E48B2200BBDCA0 /* Sport.swift in Sources */,
				56AFBF8F20E48B2200BBDCA0 /* TriathlonEventTests.swift in Sources */,
				56AFBF9020E48B2200BBDCA0 /* Athlete.swift in Sources */,
				56AFBF9320E48B2200BBDCA0 /* Swimmer.swift in Sources */,
				56AFBF9420E48B2200BBDCA0 /* Runner.swift in Sources */,
				56AFBF9720E48B2200BBDCA0 /* TestParticipant.swift in Sources */,
				56AFBF9820E48B2200BBDCA0 /* Participant.swift in Sources */,
				56AFBF9D20E48B2200BBDCA0 /* TriathlonEvent.swift in Sources */,
				56AFBF9E20E48B2200BBDCA0 /* Cyclist.swift in Sources */,
				56AFBF9F20E48B2200BBDCA0 /* Triathlon.swift in Sources */,
			);
			runOnlyForDeploymentPostprocessing = 0;
		};
/* End PBXSourcesBuildPhase section */

/* Begin PBXTargetDependency section */
		561225201D2642A100FE59D5 /* PBXTargetDependency */ = {
			isa = PBXTargetDependency;
			target = 5636B4071B3BD7CE00B11DFF /* Assignment1 */;
			targetProxy = 5612251F1D2642A100FE59D5 /* PBXContainerItemProxy */;
		};
		56AFBEDD20E48B0F00BBDCA0 /* PBXTargetDependency */ = {
			isa = PBXTargetDependency;
			target = 5636B4071B3BD7CE00B11DFF /* Assignment1 */;
			targetProxy = 56AFBEDE20E48B0F00BBDCA0 /* PBXContainerItemProxy */;
		};
		56AFBEFA20E48B1200BBDCA0 /* PBXTargetDependency */ = {
			isa = PBXTargetDependency;
			target = 5636B4071B3BD7CE00B11DFF /* Assignment1 */;
			targetProxy = 56AFBEFB20E48B1200BBDCA0 /* PBXContainerItemProxy */;
		};
		56AFBF1720E48B1500BBDCA0 /* PBXTargetDependency */ = {
			isa = PBXTargetDependency;
			target = 5636B4071B3BD7CE00B11DFF /* Assignment1 */;
			targetProxy = 56AFBF1820E48B1500BBDCA0 /* PBXContainerItemProxy */;
		};
		56AFBF3420E48B1800BBDCA0 /* PBXTargetDependency */ = {
			isa = PBXTargetDependency;
			target = 5636B4071B3BD7CE00B11DFF /* Assignment1 */;
			targetProxy = 56AFBF3520E48B1800BBDCA0 /* PBXContainerItemProxy */;
		};
		56AFBF5120E48B1E00BBDCA0 /* PBXTargetDependency */ = {
			isa = PBXTargetDependency;
			target = 5636B4071B3BD7CE00B11DFF /* Assignment1 */;
			targetProxy = 56AFBF5220E48B1E00BBDCA0 /* PBXContainerItemProxy */;
		};
		56AFBF6E20E48B2000BBDCA0 /* PBXTargetDependency */ = {
			isa = PBXTargetDependency;
			target = 5636B4071B3BD7CE00B11DFF /* Assignment1 */;
			targetProxy = 56AFBF6F20E48B2000BBDCA0 /* PBXContainerItemProxy */;
		};
		56AFBF8B20E48B2200BBDCA0 /* PBXTargetDependency */ = {
			isa = PBXTargetDependency;
			target = 5636B4071B3BD7CE00B11DFF /* Assignment1 */;
			targetProxy = 56AFBF8C20E48B2200BBDCA0 /* PBXContainerItemProxy */;
		};
/* End PBXTargetDependency section */

/* Begin XCBuildConfiguration section */
		5636B40D1B3BD7CE00B11DFF /* Debug */ = {
			isa = XCBuildConfiguration;
			buildSettings = {
				ALWAYS_SEARCH_USER_PATHS = NO;
				CLANG_ANALYZER_LOCALIZABILITY_NONLOCALIZED = YES;
				CLANG_CXX_LANGUAGE_STANDARD = "gnu++0x";
				CLANG_CXX_LIBRARY = "libc++";
				CLANG_ENABLE_MODULES = YES;
				CLANG_ENABLE_OBJC_ARC = YES;
				CLANG_WARN_BLOCK_CAPTURE_AUTORELEASING = YES;
				CLANG_WARN_BOOL_CONVERSION = YES;
				CLANG_WARN_COMMA = YES;
				CLANG_WARN_CONSTANT_CONVERSION = YES;
				CLANG_WARN_DEPRECATED_OBJC_IMPLEMENTATIONS = YES;
				CLANG_WARN_DIRECT_OBJC_ISA_USAGE = YES_ERROR;
				CLANG_WARN_EMPTY_BODY = YES;
				CLANG_WARN_ENUM_CONVERSION = YES;
				CLANG_WARN_INFINITE_RECURSION = YES;
				CLANG_WARN_INT_CONVERSION = YES;
				CLANG_WARN_NON_LITERAL_NULL_CONVERSION = YES;
				CLANG_WARN_OBJC_IMPLICIT_RETAIN_SELF = YES;
				CLANG_WARN_OBJC_LITERAL_CONVERSION = YES;
				CLANG_WARN_OBJC_ROOT_CLASS = YES_ERROR;
				CLANG_WARN_QUOTED_INCLUDE_IN_FRAMEWORK_HEADER = YES;
				CLANG_WARN_RANGE_LOOP_ANALYSIS = YES;
				CLANG_WARN_STRICT_PROTOTYPES = YES;
				CLANG_WARN_SUSPICIOUS_MOVE = YES;
				CLANG_WARN_UNREACHABLE_CODE = YES;
				CLANG_WARN__DUPLICATE_METHOD_MATCH = YES;
				COPY_PHASE_STRIP = NO;
				DEBUG_INFORMATION_FORMAT = dwarf;
				ENABLE_STRICT_OBJC_MSGSEND = YES;
				ENABLE_TESTABILITY = YES;
				GCC_C_LANGUAGE_STANDARD = gnu99;
				GCC_DYNAMIC_NO_PIC = NO;
				GCC_NO_COMMON_BLOCKS = YES;
				GCC_OPTIMIZATION_LEVEL = 0;
				GCC_PREPROCESSOR_DEFINITIONS = (
					"DEBUG=1",
					"$(inherited)",
				);
				GCC_SYMBOLS_PRIVATE_EXTERN = NO;
				GCC_WARN_64_TO_32_BIT_CONVERSION = YES;
				GCC_WARN_ABOUT_RETURN_TYPE = YES_ERROR;
				GCC_WARN_UNDECLARED_SELECTOR = YES;
				GCC_WARN_UNINITIALIZED_AUTOS = YES_AGGRESSIVE;
				GCC_WARN_UNUSED_FUNCTION = YES;
				GCC_WARN_UNUSED_VARIABLE = YES;
				MACOSX_DEPLOYMENT_TARGET = 10.15;
				MTL_ENABLE_DEBUG_INFO = YES;
				ONLY_ACTIVE_ARCH = YES;
				SDKROOT = macosx;
				SWIFT_OPTIMIZATION_LEVEL = "-Onone";
			};
			name = Debug;
		};
		5636B40E1B3BD7CE00B11DFF /* Release */ = {
			isa = XCBuildConfiguration;
			buildSettings = {
				ALWAYS_SEARCH_USER_PATHS = NO;
				CLANG_ANALYZER_LOCALIZABILITY_NONLOCALIZED = YES;
				CLANG_CXX_LANGUAGE_STANDARD = "gnu++0x";
				CLANG_CXX_LIBRARY = "libc++";
				CLANG_ENABLE_MODULES = YES;
				CLANG_ENABLE_OBJC_ARC = YES;
				CLANG_WARN_BLOCK_CAPTURE_AUTORELEASING = YES;
				CLANG_WARN_BOOL_CONVERSION = YES;
				CLANG_WARN_COMMA = YES;
				CLANG_WARN_CONSTANT_CONVERSION = YES;
				CLANG_WARN_DEPRECATED_OBJC_IMPLEMENTATIONS = YES;
				CLANG_WARN_DIRECT_OBJC_ISA_USAGE = YES_ERROR;
				CLANG_WARN_EMPTY_BODY = YES;
				CLANG_WARN_ENUM_CONVERSION = YES;
				CLANG_WARN_INFINITE_RECURSION = YES;
				CLANG_WARN_INT_CONVERSION = YES;
				CLANG_WARN_NON_LITERAL_NULL_CONVERSION = YES;
				CLANG_WARN_OBJC_IMPLICIT_RETAIN_SELF = YES;
				CLANG_WARN_OBJC_LITERAL_CONVERSION = YES;
				CLANG_WARN_OBJC_ROOT_CLASS = YES_ERROR;
				CLANG_WARN_QUOTED_INCLUDE_IN_FRAMEWORK_HEADER = YES;
				CLANG_WARN_RANGE_LOOP_ANALYSIS = YES;
				CLANG_WARN_STRICT_PROTOTYPES = YES;
				CLANG_WARN_SUSPICIOUS_MOVE = YES;
				CLANG_WARN_UNREACHABLE_CODE = YES;
				CLANG_WARN__DUPLICATE_METHOD_MATCH = YES;
				COPY_PHASE_STRIP = NO;
				DEBUG_INFORMATION_FORMAT = "dwarf-with-dsym";
				ENABLE_NS_ASSERTIONS = NO;
				ENABLE_STRICT_OBJC_MSGSEND = YES;
				GCC_C_LANGUAGE_STANDARD = gnu99;
				GCC_NO_COMMON_BLOCKS = YES;
				GCC_WARN_64_TO_32_BIT_CONVERSION = YES;
				GCC_WARN_ABOUT_RETURN_TYPE = YES_ERROR;
				GCC_WARN_UNDECLARED_SELECTOR = YES;
				GCC_WARN_UNINITIALIZED_AUTOS = YES_AGGRESSIVE;
				GCC_WARN_UNUSED_FUNCTION = YES;
				GCC_WARN_UNUSED_VARIABLE = YES;
				MACOSX_DEPLOYMENT_TARGET = 10.15;
				MTL_ENABLE_DEBUG_INFO = NO;
				SDKROOT = macosx;
				SWIFT_COMPILATION_MODE = wholemodule;
				SWIFT_OPTIMIZATION_LEVEL = "-O";
			};
			name = Release;
		};
		5636B4101B3BD7CE00B11DFF /* Debug */ = {
			isa = XCBuildConfiguration;
			buildSettings = {
				CODE_SIGN_IDENTITY = "-";
				PRODUCT_NAME = "$(TARGET_NAME)";
				SWIFT_VERSION = 5.0;
			};
			name = Debug;
		};
		5636B4111B3BD7CE00B11DFF /* Release */ = {
			isa = XCBuildConfiguration;
			buildSettings = {
				CODE_SIGN_IDENTITY = "-";
				PRODUCT_NAME = "$(TARGET_NAME)";
				SWIFT_VERSION = 5.0;
			};
			name = Release;
		};
		56A2B7381D24DBF7005BEAA1 /* Debug */ = {
			isa = XCBuildConfiguration;
			buildSettings = {
				CLANG_ANALYZER_NONNULL = YES;
				CODE_SIGN_IDENTITY = "-";
				COMBINE_HIDPI_IMAGES = YES;
				INFOPLIST_FILE = Assignment1UnitTests/Resources/Info.plist;
				LD_RUNPATH_SEARCH_PATHS = (
					"$(inherited)",
					"@executable_path/../Frameworks",
					"@loader_path/../Frameworks",
				);
				PRODUCT_BUNDLE_IDENTIFIER = edu.uoregon.cs.iosdev.Assignment1.AthleteTests;
				PRODUCT_NAME = "$(TARGET_NAME)";
				SWIFT_VERSION = 5.0;
				TEST_HOST = "";
			};
			name = Debug;
		};
		56A2B7391D24DBF7005BEAA1 /* Release */ = {
			isa = XCBuildConfiguration;
			buildSettings = {
				CLANG_ANALYZER_NONNULL = YES;
				CODE_SIGN_IDENTITY = "-";
				COMBINE_HIDPI_IMAGES = YES;
				INFOPLIST_FILE = Assignment1UnitTests/Resources/Info.plist;
				LD_RUNPATH_SEARCH_PATHS = (
					"$(inherited)",
					"@executable_path/../Frameworks",
					"@loader_path/../Frameworks",
				);
				PRODUCT_BUNDLE_IDENTIFIER = edu.uoregon.cs.iosdev.Assignment1.AthleteTests;
				PRODUCT_NAME = "$(TARGET_NAME)";
				SWIFT_VERSION = 5.0;
				TEST_HOST = "";
			};
			name = Release;
		};
		56AFBEF520E48B0F00BBDCA0 /* Debug */ = {
			isa = XCBuildConfiguration;
			buildSettings = {
				CLANG_ANALYZER_NONNULL = YES;
				CODE_SIGN_IDENTITY = "-";
				COMBINE_HIDPI_IMAGES = YES;
				INFOPLIST_FILE = Assignment1UnitTests/Resources/Info.plist;
				LD_RUNPATH_SEARCH_PATHS = (
					"$(inherited)",
					"@executable_path/../Frameworks",
					"@loader_path/../Frameworks",
				);
				PRODUCT_BUNDLE_IDENTIFIER = edu.uoregon.cs.iosdev.Assignment1.CyclistTests;
				PRODUCT_NAME = "$(TARGET_NAME)";
				SWIFT_VERSION = 5.0;
				TEST_HOST = "";
			};
			name = Debug;
		};
		56AFBEF620E48B0F00BBDCA0 /* Release */ = {
			isa = XCBuildConfiguration;
			buildSettings = {
				CLANG_ANALYZER_NONNULL = YES;
				CODE_SIGN_IDENTITY = "-";
				COMBINE_HIDPI_IMAGES = YES;
				INFOPLIST_FILE = Assignment1UnitTests/Resources/Info.plist;
				LD_RUNPATH_SEARCH_PATHS = (
					"$(inherited)",
					"@executable_path/../Frameworks",
					"@loader_path/../Frameworks",
				);
				PRODUCT_BUNDLE_IDENTIFIER = edu.uoregon.cs.iosdev.Assignment1.CyclistTests;
				PRODUCT_NAME = "$(TARGET_NAME)";
				SWIFT_VERSION = 5.0;
				TEST_HOST = "";
			};
			name = Release;
		};
		56AFBF1220E48B1200BBDCA0 /* Debug */ = {
			isa = XCBuildConfiguration;
			buildSettings = {
				CLANG_ANALYZER_NONNULL = YES;
				CODE_SIGN_IDENTITY = "-";
				COMBINE_HIDPI_IMAGES = YES;
				INFOPLIST_FILE = Assignment1UnitTests/Resources/Info.plist;
				LD_RUNPATH_SEARCH_PATHS = (
					"$(inherited)",
					"@executable_path/../Frameworks",
					"@loader_path/../Frameworks",
				);
				PRODUCT_BUNDLE_IDENTIFIER = edu.uoregon.cs.iosdev.Assignment1.ParticipantTests;
				PRODUCT_NAME = "$(TARGET_NAME)";
				SWIFT_VERSION = 5.0;
				TEST_HOST = "";
			};
			name = Debug;
		};
		56AFBF1320E48B1200BBDCA0 /* Release */ = {
			isa = XCBuildConfiguration;
			buildSettings = {
				CLANG_ANALYZER_NONNULL = YES;
				CODE_SIGN_IDENTITY = "-";
				COMBINE_HIDPI_IMAGES = YES;
				INFOPLIST_FILE = Assignment1UnitTests/Resources/Info.plist;
				LD_RUNPATH_SEARCH_PATHS = (
					"$(inherited)",
					"@executable_path/../Frameworks",
					"@loader_path/../Frameworks",
				);
				PRODUCT_BUNDLE_IDENTIFIER = edu.uoregon.cs.iosdev.Assignment1.ParticipantTests;
				PRODUCT_NAME = "$(TARGET_NAME)";
				SWIFT_VERSION = 5.0;
				TEST_HOST = "";
			};
			name = Release;
		};
		56AFBF2F20E48B1500BBDCA0 /* Debug */ = {
			isa = XCBuildConfiguration;
			buildSettings = {
				CLANG_ANALYZER_NONNULL = YES;
				CODE_SIGN_IDENTITY = "-";
				COMBINE_HIDPI_IMAGES = YES;
				INFOPLIST_FILE = Assignment1UnitTests/Resources/Info.plist;
				LD_RUNPATH_SEARCH_PATHS = (
					"$(inherited)",
					"@executable_path/../Frameworks",
					"@loader_path/../Frameworks",
				);
				PRODUCT_BUNDLE_IDENTIFIER = edu.uoregon.cs.iosdev.Assignment1.RunnerTests;
				PRODUCT_NAME = "$(TARGET_NAME)";
				SWIFT_VERSION = 5.0;
				TEST_HOST = "";
			};
			name = Debug;
		};
		56AFBF3020E48B1500BBDCA0 /* Release */ = {
			isa = XCBuildConfiguration;
			buildSettings = {
				CLANG_ANALYZER_NONNULL = YES;
				CODE_SIGN_IDENTITY = "-";
				COMBINE_HIDPI_IMAGES = YES;
				INFOPLIST_FILE = Assignment1UnitTests/Resources/Info.plist;
				LD_RUNPATH_SEARCH_PATHS = (
					"$(inherited)",
					"@executable_path/../Frameworks",
					"@loader_path/../Frameworks",
				);
				PRODUCT_BUNDLE_IDENTIFIER = edu.uoregon.cs.iosdev.Assignment1.RunnerTests;
				PRODUCT_NAME = "$(TARGET_NAME)";
				SWIFT_VERSION = 5.0;
				TEST_HOST = "";
			};
			name = Release;
		};
		56AFBF4C20E48B1800BBDCA0 /* Debug */ = {
			isa = XCBuildConfiguration;
			buildSettings = {
				CLANG_ANALYZER_NONNULL = YES;
				CODE_SIGN_IDENTITY = "-";
				COMBINE_HIDPI_IMAGES = YES;
				INFOPLIST_FILE = Assignment1UnitTests/Resources/Info.plist;
				LD_RUNPATH_SEARCH_PATHS = (
					"$(inherited)",
					"@executable_path/../Frameworks",
					"@loader_path/../Frameworks",
				);
				PRODUCT_BUNDLE_IDENTIFIER = edu.uoregon.cs.iosdev.Assignment1.SportTests;
				PRODUCT_NAME = "$(TARGET_NAME)";
				SWIFT_VERSION = 5.0;
				TEST_HOST = "";
			};
			name = Debug;
		};
		56AFBF4D20E48B1800BBDCA0 /* Release */ = {
			isa = XCBuildConfiguration;
			buildSettings = {
				CLANG_ANALYZER_NONNULL = YES;
				CODE_SIGN_IDENTITY = "-";
				COMBINE_HIDPI_IMAGES = YES;
				INFOPLIST_FILE = Assignment1UnitTests/Resources/Info.plist;
				LD_RUNPATH_SEARCH_PATHS = (
					"$(inherited)",
					"@executable_path/../Frameworks",
					"@loader_path/../Frameworks",
				);
				PRODUCT_BUNDLE_IDENTIFIER = edu.uoregon.cs.iosdev.Assignment1.SportTests;
				PRODUCT_NAME = "$(TARGET_NAME)";
				SWIFT_VERSION = 5.0;
				TEST_HOST = "";
			};
			name = Release;
		};
		56AFBF6920E48B1E00BBDCA0 /* Debug */ = {
			isa = XCBuildConfiguration;
			buildSettings = {
				CLANG_ANALYZER_NONNULL = YES;
				CODE_SIGN_IDENTITY = "-";
				COMBINE_HIDPI_IMAGES = YES;
				INFOPLIST_FILE = Assignment1UnitTests/Resources/Info.plist;
				LD_RUNPATH_SEARCH_PATHS = (
					"$(inherited)",
					"@executable_path/../Frameworks",
					"@loader_path/../Frameworks",
				);
				PRODUCT_BUNDLE_IDENTIFIER = edu.uoregon.cs.iosdev.Assignment1.SwimmerTests;
				PRODUCT_NAME = "$(TARGET_NAME)";
				SWIFT_VERSION = 5.0;
				TEST_HOST = "";
			};
			name = Debug;
		};
		56AFBF6A20E48B1E00BBDCA0 /* Release */ = {
			isa = XCBuildConfiguration;
			buildSettings = {
				CLANG_ANALYZER_NONNULL = YES;
				CODE_SIGN_IDENTITY = "-";
				COMBINE_HIDPI_IMAGES = YES;
				INFOPLIST_FILE = Assignment1UnitTests/Resources/Info.plist;
				LD_RUNPATH_SEARCH_PATHS = (
					"$(inherited)",
					"@executable_path/../Frameworks",
					"@loader_path/../Frameworks",
				);
				PRODUCT_BUNDLE_IDENTIFIER = edu.uoregon.cs.iosdev.Assignment1.SwimmerTests;
				PRODUCT_NAME = "$(TARGET_NAME)";
				SWIFT_VERSION = 5.0;
				TEST_HOST = "";
			};
			name = Release;
		};
		56AFBF8620E48B2000BBDCA0 /* Debug */ = {
			isa = XCBuildConfiguration;
			buildSettings = {
				CLANG_ANALYZER_NONNULL = YES;
				CODE_SIGN_IDENTITY = "-";
				COMBINE_HIDPI_IMAGES = YES;
				INFOPLIST_FILE = Assignment1UnitTests/Resources/Info.plist;
				LD_RUNPATH_SEARCH_PATHS = (
					"$(inherited)",
					"@executable_path/../Frameworks",
					"@loader_path/../Frameworks",
				);
				PRODUCT_BUNDLE_IDENTIFIER = edu.uoregon.cs.iosdev.Assignment1.TriathlonTests;
				PRODUCT_NAME = "$(TARGET_NAME)";
				SWIFT_VERSION = 5.0;
				TEST_HOST = "";
			};
			name = Debug;
		};
		56AFBF8720E48B2000BBDCA0 /* Release */ = {
			isa = XCBuildConfiguration;
			buildSettings = {
				CLANG_ANALYZER_NONNULL = YES;
				CODE_SIGN_IDENTITY = "-";
				COMBINE_HIDPI_IMAGES = YES;
				INFOPLIST_FILE = Assignment1UnitTests/Resources/Info.plist;
				LD_RUNPATH_SEARCH_PATHS = (
					"$(inherited)",
					"@executable_path/../Frameworks",
					"@loader_path/../Frameworks",
				);
				PRODUCT_BUNDLE_IDENTIFIER = edu.uoregon.cs.iosdev.Assignment1.TriathlonTests;
				PRODUCT_NAME = "$(TARGET_NAME)";
				SWIFT_VERSION = 5.0;
				TEST_HOST = "";
			};
			name = Release;
		};
		56AFBFA320E48B2200BBDCA0 /* Debug */ = {
			isa = XCBuildConfiguration;
			buildSettings = {
				CLANG_ANALYZER_NONNULL = YES;
				CODE_SIGN_IDENTITY = "-";
				COMBINE_HIDPI_IMAGES = YES;
				INFOPLIST_FILE = Assignment1UnitTests/Resources/Info.plist;
				LD_RUNPATH_SEARCH_PATHS = (
					"$(inherited)",
					"@executable_path/../Frameworks",
					"@loader_path/../Frameworks",
				);
				PRODUCT_BUNDLE_IDENTIFIER = edu.uoregon.cs.iosdev.Assignment1.TriathlonEventTests;
				PRODUCT_NAME = "$(TARGET_NAME)";
				SWIFT_VERSION = 5.0;
				TEST_HOST = "";
			};
			name = Debug;
		};
		56AFBFA420E48B2200BBDCA0 /* Release */ = {
			isa = XCBuildConfiguration;
			buildSettings = {
				CLANG_ANALYZER_NONNULL = YES;
				CODE_SIGN_IDENTITY = "-";
				COMBINE_HIDPI_IMAGES = YES;
				INFOPLIST_FILE = Assignment1UnitTests/Resources/Info.plist;
				LD_RUNPATH_SEARCH_PATHS = (
					"$(inherited)",
					"@executable_path/../Frameworks",
					"@loader_path/../Frameworks",
				);
				PRODUCT_BUNDLE_IDENTIFIER = edu.uoregon.cs.iosdev.Assignment1.TriathlonEventTests;
				PRODUCT_NAME = "$(TARGET_NAME)";
				SWIFT_VERSION = 5.0;
				TEST_HOST = "";
			};
			name = Release;
		};
/* End XCBuildConfiguration section */

/* Begin XCConfigurationList section */
		5636B4031B3BD7CE00B11DFF /* Build configuration list for PBXProject "Assignment1" */ = {
			isa = XCConfigurationList;
			buildConfigurations = (
				5636B40D1B3BD7CE00B11DFF /* Debug */,
				5636B40E1B3BD7CE00B11DFF /* Release */,
			);
			defaultConfigurationIsVisible = 0;
			defaultConfigurationName = Release;
		};
		5636B40F1B3BD7CE00B11DFF /* Build configuration list for PBXNativeTarget "Assignment1" */ = {
			isa = XCConfigurationList;
			buildConfigurations = (
				5636B4101B3BD7CE00B11DFF /* Debug */,
				5636B4111B3BD7CE00B11DFF /* Release */,
			);
			defaultConfigurationIsVisible = 0;
			defaultConfigurationName = Release;
		};
		56A2B7371D24DBF7005BEAA1 /* Build configuration list for PBXNativeTarget "AthleteTests" */ = {
			isa = XCConfigurationList;
			buildConfigurations = (
				56A2B7381D24DBF7005BEAA1 /* Debug */,
				56A2B7391D24DBF7005BEAA1 /* Release */,
			);
			defaultConfigurationIsVisible = 0;
			defaultConfigurationName = Release;
		};
		56AFBEF420E48B0F00BBDCA0 /* Build configuration list for PBXNativeTarget "CyclistTests" */ = {
			isa = XCConfigurationList;
			buildConfigurations = (
				56AFBEF520E48B0F00BBDCA0 /* Debug */,
				56AFBEF620E48B0F00BBDCA0 /* Release */,
			);
			defaultConfigurationIsVisible = 0;
			defaultConfigurationName = Release;
		};
		56AFBF1120E48B1200BBDCA0 /* Build configuration list for PBXNativeTarget "ParticipantTests" */ = {
			isa = XCConfigurationList;
			buildConfigurations = (
				56AFBF1220E48B1200BBDCA0 /* Debug */,
				56AFBF1320E48B1200BBDCA0 /* Release */,
			);
			defaultConfigurationIsVisible = 0;
			defaultConfigurationName = Release;
		};
		56AFBF2E20E48B1500BBDCA0 /* Build configuration list for PBXNativeTarget "RunnerTests" */ = {
			isa = XCConfigurationList;
			buildConfigurations = (
				56AFBF2F20E48B1500BBDCA0 /* Debug */,
				56AFBF3020E48B1500BBDCA0 /* Release */,
			);
			defaultConfigurationIsVisible = 0;
			defaultConfigurationName = Release;
		};
		56AFBF4B20E48B1800BBDCA0 /* Build configuration list for PBXNativeTarget "SportTests" */ = {
			isa = XCConfigurationList;
			buildConfigurations = (
				56AFBF4C20E48B1800BBDCA0 /* Debug */,
				56AFBF4D20E48B1800BBDCA0 /* Release */,
			);
			defaultConfigurationIsVisible = 0;
			defaultConfigurationName = Release;
		};
		56AFBF6820E48B1E00BBDCA0 /* Build configuration list for PBXNativeTarget "SwimmerTests" */ = {
			isa = XCConfigurationList;
			buildConfigurations = (
				56AFBF6920E48B1E00BBDCA0 /* Debug */,
				56AFBF6A20E48B1E00BBDCA0 /* Release */,
			);
			defaultConfigurationIsVisible = 0;
			defaultConfigurationName = Release;
		};
		56AFBF8520E48B2000BBDCA0 /* Build configuration list for PBXNativeTarget "TriathlonTests" */ = {
			isa = XCConfigurationList;
			buildConfigurations = (
				56AFBF8620E48B2000BBDCA0 /* Debug */,
				56AFBF8720E48B2000BBDCA0 /* Release */,
			);
			defaultConfigurationIsVisible = 0;
			defaultConfigurationName = Release;
		};
		56AFBFA220E48B2200BBDCA0 /* Build configuration list for PBXNativeTarget "TriathlonEventTests" */ = {
			isa = XCConfigurationList;
			buildConfigurations = (
				56AFBFA320E48B2200BBDCA0 /* Debug */,
				56AFBFA420E48B2200BBDCA0 /* Release */,
			);
			defaultConfigurationIsVisible = 0;
			defaultConfigurationName = Release;
		};
/* End XCConfigurationList section */
	};
	rootObject = 5636B4001B3BD7CE00B11DFF /* Project object */;
}
