// !$*UTF8*$!
{
	archiveVersion = 1;
	classes = {
	};
	objectVersion = 50;
	objects = {

/* Begin PBXBuildFile section */
		B54198A225892F71005B3932 /* MoviesViewController.swift in Sources */ = {isa = PBXBuildFile; fileRef = B54198A125892F71005B3932 /* MoviesViewController.swift */; };
		B54198A525892FD3005B3932 /* MovieCell.swift in Sources */ = {isa = PBXBuildFile; fileRef = B54198A425892FD3005B3932 /* MovieCell.swift */; };
		B54198A82589383C005B3932 /* movie_reel.png in Resources */ = {isa = PBXBuildFile; fileRef = B54198A72589383C005B3932 /* movie_reel.png */; };
		B54198AC2589CB8D005B3932 /* DetailViewController.swift in Sources */ = {isa = PBXBuildFile; fileRef = B54198AB2589CB8D005B3932 /* DetailViewController.swift */; };
		B560649225890EFD00D1E65D /* ImageStore.swift in Sources */ = {isa = PBXBuildFile; fileRef = B560649125890EFD00D1E65D /* ImageStore.swift */; };
		B5ABBBF52588E67400224C3D /* AppDelegate.swift in Sources */ = {isa = PBXBuildFile; fileRef = B5ABBBF42588E67400224C3D /* AppDelegate.swift */; };
		B5ABBBF72588E67400224C3D /* SceneDelegate.swift in Sources */ = {isa = PBXBuildFile; fileRef = B5ABBBF62588E67400224C3D /* SceneDelegate.swift */; };
		B5ABBBF92588E67400224C3D /* ViewController.swift in Sources */ = {isa = PBXBuildFile; fileRef = B5ABBBF82588E67400224C3D /* ViewController.swift */; };
		B5ABBBFC2588E67400224C3D /* Main.storyboard in Resources */ = {isa = PBXBuildFile; fileRef = B5ABBBFA2588E67400224C3D /* Main.storyboard */; };
		B5ABBBFE2588E67700224C3D /* Assets.xcassets in Resources */ = {isa = PBXBuildFile; fileRef = B5ABBBFD2588E67700224C3D /* Assets.xcassets */; };
		B5ABBC012588E67700224C3D /* LaunchScreen.storyboard in Resources */ = {isa = PBXBuildFile; fileRef = B5ABBBFF2588E67700224C3D /* LaunchScreen.storyboard */; };
/* End PBXBuildFile section */

/* Begin PBXFileReference section */
		B54198A125892F71005B3932 /* MoviesViewController.swift */ = {isa = PBXFileReference; lastKnownFileType = sourcecode.swift; path = MoviesViewController.swift; sourceTree = "<group>"; };
		B54198A425892FD3005B3932 /* MovieCell.swift */ = {isa = PBXFileReference; lastKnownFileType = sourcecode.swift; path = MovieCell.swift; sourceTree = "<group>"; };
		B54198A72589383C005B3932 /* movie_reel.png */ = {isa = PBXFileReference; lastKnownFileType = image.png; path = movie_reel.png; sourceTree = "<group>"; };
		B54198AB2589CB8D005B3932 /* DetailViewController.swift */ = {isa = PBXFileReference; lastKnownFileType = sourcecode.swift; path = DetailViewController.swift; sourceTree = "<group>"; };
		B560649125890EFD00D1E65D /* ImageStore.swift */ = {isa = PBXFileReference; fileEncoding = 4; lastKnownFileType = sourcecode.swift; path = ImageStore.swift; sourceTree = "<group>"; };
		B5ABBBF12588E67400224C3D /* b8310_movie.app */ = {isa = PBXFileReference; explicitFileType = wrapper.application; includeInIndex = 0; path = b8310_movie.app; sourceTree = BUILT_PRODUCTS_DIR; };
		B5ABBBF42588E67400224C3D /* AppDelegate.swift */ = {isa = PBXFileReference; lastKnownFileType = sourcecode.swift; path = AppDelegate.swift; sourceTree = "<group>"; };
		B5ABBBF62588E67400224C3D /* SceneDelegate.swift */ = {isa = PBXFileReference; lastKnownFileType = sourcecode.swift; path = SceneDelegate.swift; sourceTree = "<group>"; };
		B5ABBBF82588E67400224C3D /* ViewController.swift */ = {isa = PBXFileReference; lastKnownFileType = sourcecode.swift; path = ViewController.swift; sourceTree = "<group>"; };
		B5ABBBFB2588E67400224C3D /* Base */ = {isa = PBXFileReference; lastKnownFileType = file.storyboard; name = Base; path = Base.lproj/Main.storyboard; sourceTree = "<group>"; };
		B5ABBBFD2588E67700224C3D /* Assets.xcassets */ = {isa = PBXFileReference; lastKnownFileType = folder.assetcatalog; path = Assets.xcassets; sourceTree = "<group>"; };
		B5ABBC002588E67700224C3D /* Base */ = {isa = PBXFileReference; lastKnownFileType = file.storyboard; name = Base; path = Base.lproj/LaunchScreen.storyboard; sourceTree = "<group>"; };
		B5ABBC022588E67700224C3D /* Info.plist */ = {isa = PBXFileReference; lastKnownFileType = text.plist.xml; path = Info.plist; sourceTree = "<group>"; };
/* End PBXFileReference section */

/* Begin PBXFrameworksBuildPhase section */
		B5ABBBEE2588E67400224C3D /* Frameworks */ = {
			isa = PBXFrameworksBuildPhase;
			buildActionMask = 2147483647;
			files = (
			);
			runOnlyForDeploymentPostprocessing = 0;
		};
/* End PBXFrameworksBuildPhase section */

/* Begin PBXGroup section */
		B5ABBBE82588E67400224C3D = {
			isa = PBXGroup;
			children = (
				B5ABBBF32588E67400224C3D /* b8310_movie */,
				B5ABBBF22588E67400224C3D /* Products */,
			);
			sourceTree = "<group>";
		};
		B5ABBBF22588E67400224C3D /* Products */ = {
			isa = PBXGroup;
			children = (
				B5ABBBF12588E67400224C3D /* b8310_movie.app */,
			);
			name = Products;
			sourceTree = "<group>";
		};
		B5ABBBF32588E67400224C3D /* b8310_movie */ = {
			isa = PBXGroup;
			children = (
				B54198A72589383C005B3932 /* movie_reel.png */,
				B54198AB2589CB8D005B3932 /* DetailViewController.swift */,
				B560649125890EFD00D1E65D /* ImageStore.swift */,
				B5ABBBF42588E67400224C3D /* AppDelegate.swift */,
				B5ABBBF62588E67400224C3D /* SceneDelegate.swift */,
				B5ABBBF82588E67400224C3D /* ViewController.swift */,
				B5ABBBFA2588E67400224C3D /* Main.storyboard */,
				B5ABBBFD2588E67700224C3D /* Assets.xcassets */,
				B5ABBBFF2588E67700224C3D /* LaunchScreen.storyboard */,
				B5ABBC022588E67700224C3D /* Info.plist */,
				B54198A125892F71005B3932 /* MoviesViewController.swift */,
				B54198A425892FD3005B3932 /* MovieCell.swift */,
			);
			path = b8310_movie;
			sourceTree = "<group>";
		};
/* End PBXGroup section */

/* Begin PBXNativeTarget section */
		B5ABBBF02588E67400224C3D /* b8310_movie */ = {
			isa = PBXNativeTarget;
			buildConfigurationList = B5ABBC052588E67700224C3D /* Build configuration list for PBXNativeTarget "b8310_movie" */;
			buildPhases = (
				B5ABBBED2588E67400224C3D /* Sources */,
				B5ABBBEE2588E67400224C3D /* Frameworks */,
				B5ABBBEF2588E67400224C3D /* Resources */,
			);
			buildRules = (
			);
			dependencies = (
			);
			name = b8310_movie;
			productName = b8310_movie;
			productReference = B5ABBBF12588E67400224C3D /* b8310_movie.app */;
			productType = "com.apple.product-type.application";
		};
/* End PBXNativeTarget section */

/* Begin PBXProject section */
		B5ABBBE92588E67400224C3D /* Project object */ = {
			isa = PBXProject;
			attributes = {
				LastSwiftUpdateCheck = 1220;
				LastUpgradeCheck = 1220;
				TargetAttributes = {
					B5ABBBF02588E67400224C3D = {
						CreatedOnToolsVersion = 12.2;
					};
				};
			};
			buildConfigurationList = B5ABBBEC2588E67400224C3D /* Build configuration list for PBXProject "b8310_movie" */;
			compatibilityVersion = "Xcode 9.3";
			developmentRegion = en;
			hasScannedForEncodings = 0;
			knownRegions = (
				en,
				Base,
			);
			mainGroup = B5ABBBE82588E67400224C3D;
			productRefGroup = B5ABBBF22588E67400224C3D /* Products */;
			projectDirPath = "";
			projectRoot = "";
			targets = (
				B5ABBBF02588E67400224C3D /* b8310_movie */,
			);
		};
/* End PBXProject section */

/* Begin PBXResourcesBuildPhase section */
		B5ABBBEF2588E67400224C3D /* Resources */ = {
			isa = PBXResourcesBuildPhase;
			buildActionMask = 2147483647;
			files = (
				B54198A82589383C005B3932 /* movie_reel.png in Resources */,
				B5ABBC012588E67700224C3D /* LaunchScreen.storyboard in Resources */,
				B5ABBBFE2588E67700224C3D /* Assets.xcassets in Resources */,
				B5ABBBFC2588E67400224C3D /* Main.storyboard in Resources */,
			);
			runOnlyForDeploymentPostprocessing = 0;
		};
/* End PBXResourcesBuildPhase section */

/* Begin PBXSourcesBuildPhase section */
		B5ABBBED2588E67400224C3D /* Sources */ = {
			isa = PBXSourcesBuildPhase;
			buildActionMask = 2147483647;
			files = (
				B5ABBBF92588E67400224C3D /* ViewController.swift in Sources */,
				B54198A225892F71005B3932 /* MoviesViewController.swift in Sources */,
				B5ABBBF52588E67400224C3D /* AppDelegate.swift in Sources */,
				B54198A525892FD3005B3932 /* MovieCell.swift in Sources */,
				B5ABBBF72588E67400224C3D /* SceneDelegate.swift in Sources */,
				B560649225890EFD00D1E65D /* ImageStore.swift in Sources */,
				B54198AC2589CB8D005B3932 /* DetailViewController.swift in Sources */,
			);
			runOnlyForDeploymentPostprocessing = 0;
		};
/* End PBXSourcesBuildPhase section */

/* Begin PBXVariantGroup section */
		B5ABBBFA2588E67400224C3D /* Main.storyboard */ = {
			isa = PBXVariantGroup;
			children = (
				B5ABBBFB2588E67400224C3D /* Base */,
			);
			name = Main.storyboard;
			sourceTree = "<group>";
		};
		B5ABBBFF2588E67700224C3D /* LaunchScreen.storyboard */ = {
			isa = PBXVariantGroup;
			children = (
				B5ABBC002588E67700224C3D /* Base */,
			);
			name = LaunchScreen.storyboard;
			sourceTree = "<group>";
		};
/* End PBXVariantGroup section */

/* Begin XCBuildConfiguration section */
		B5ABBC032588E67700224C3D /* Debug */ = {
			isa = XCBuildConfiguration;
			buildSettings = {
				ALWAYS_SEARCH_USER_PATHS = NO;
				CLANG_ANALYZER_NONNULL = YES;
				CLANG_ANALYZER_NUMBER_OBJECT_CONVERSION = YES_AGGRESSIVE;
				CLANG_CXX_LANGUAGE_STANDARD = "gnu++14";
				CLANG_CXX_LIBRARY = "libc++";
				CLANG_ENABLE_MODULES = YES;
				CLANG_ENABLE_OBJC_ARC = YES;
				CLANG_ENABLE_OBJC_WEAK = YES;
				CLANG_WARN_BLOCK_CAPTURE_AUTORELEASING = YES;
				CLANG_WARN_BOOL_CONVERSION = YES;
				CLANG_WARN_COMMA = YES;
				CLANG_WARN_CONSTANT_CONVERSION = YES;
				CLANG_WARN_DEPRECATED_OBJC_IMPLEMENTATIONS = YES;
				CLANG_WARN_DIRECT_OBJC_ISA_USAGE = YES_ERROR;
				CLANG_WARN_DOCUMENTATION_COMMENTS = YES;
				CLANG_WARN_EMPTY_BODY = YES;
				CLANG_WARN_ENUM_CONVERSION = YES;
				CLANG_WARN_INFINITE_RECURSION = YES;
				CLANG_WARN_INT_CONVERSION = YES;
				CLANG_WARN_NON_LITERAL_NULL_CONVERSION = YES;
				CLANG_WARN_OBJC_IMPLICIT_RETAIN_SELF = YES;
				CLANG_WARN_OBJC_LITERAL_CONVERSION = YES;
				CLANG_WARN_OBJC_ROOT_CLASS = YES_ERROR;
				CLANG_WARN_QUOTED_INCLUDE_IN_FRAMEWORK_HEADER = YES;
				CLANG_WARN_RANGE_LOOP_ANALYSIS = YES;
				CLANG_WARN_STRICT_PROTOTYPES = YES;
				CLANG_WARN_SUSPICIOUS_MOVE = YES;
				CLANG_WARN_UNGUARDED_AVAILABILITY = YES_AGGRESSIVE;
				CLANG_WARN_UNREACHABLE_CODE = YES;
				CLANG_WARN__DUPLICATE_METHOD_MATCH = YES;
				COPY_PHASE_STRIP = NO;
				DEBUG_INFORMATION_FORMAT = dwarf;
				ENABLE_STRICT_OBJC_MSGSEND = YES;
				ENABLE_TESTABILITY = YES;
				GCC_C_LANGUAGE_STANDARD = gnu11;
				GCC_DYNAMIC_NO_PIC = NO;
				GCC_NO_COMMON_BLOCKS = YES;
				GCC_OPTIMIZATION_LEVEL = 0;
				GCC_PREPROCESSOR_DEFINITIONS = (
					"DEBUG=1",
					"$(inherited)",
				);
				GCC_WARN_64_TO_32_BIT_CONVERSION = YES;
				GCC_WARN_ABOUT_RETURN_TYPE = YES_ERROR;
				GCC_WARN_UNDECLARED_SELECTOR = YES;
				GCC_WARN_UNINITIALIZED_AUTOS = YES_AGGRESSIVE;
				GCC_WARN_UNUSED_FUNCTION = YES;
				GCC_WARN_UNUSED_VARIABLE = YES;
				IPHONEOS_DEPLOYMENT_TARGET = 14.2;
				MTL_ENABLE_DEBUG_INFO = INCLUDE_SOURCE;
				MTL_FAST_MATH = YES;
				ONLY_ACTIVE_ARCH = YES;
				SDKROOT = iphoneos;
				SWIFT_ACTIVE_COMPILATION_CONDITIONS = DEBUG;
				SWIFT_OPTIMIZATION_LEVEL = "-Onone";
			};
			name = Debug;
		};
		B5ABBC042588E67700224C3D /* Release */ = {
			isa = XCBuildConfiguration;
			buildSettings = {
				ALWAYS_SEARCH_USER_PATHS = NO;
				CLANG_ANALYZER_NONNULL = YES;
				CLANG_ANALYZER_NUMBER_OBJECT_CONVERSION = YES_AGGRESSIVE;
				CLANG_CXX_LANGUAGE_STANDARD = "gnu++14";
				CLANG_CXX_LIBRARY = "libc++";
				CLANG_ENABLE_MODULES = YES;
				CLANG_ENABLE_OBJC_ARC = YES;
				CLANG_ENABLE_OBJC_WEAK = YES;
				CLANG_WARN_BLOCK_CAPTURE_AUTORELEASING = YES;
				CLANG_WARN_BOOL_CONVERSION = YES;
				CLANG_WARN_COMMA = YES;
				CLANG_WARN_CONSTANT_CONVERSION = YES;
				CLANG_WARN_DEPRECATED_OBJC_IMPLEMENTATIONS = YES;
				CLANG_WARN_DIRECT_OBJC_ISA_USAGE = YES_ERROR;
				CLANG_WARN_DOCUMENTATION_COMMENTS = YES;
				CLANG_WARN_EMPTY_BODY = YES;
				CLANG_WARN_ENUM_CONVERSION = YES;
				CLANG_WARN_INFINITE_RECURSION = YES;
				CLANG_WARN_INT_CONVERSION = YES;
				CLANG_WARN_NON_LITERAL_NULL_CONVERSION = YES;
				CLANG_WARN_OBJC_IMPLICIT_RETAIN_SELF = YES;
				CLANG_WARN_OBJC_LITERAL_CONVERSION = YES;
				CLANG_WARN_OBJC_ROOT_CLASS = YES_ERROR;
				CLANG_WARN_QUOTED_INCLUDE_IN_FRAMEWORK_HEADER = YES;
				CLANG_WARN_RANGE_LOOP_ANALYSIS = YES;
				CLANG_WARN_STRICT_PROTOTYPES = YES;
				CLANG_WARN_SUSPICIOUS_MOVE = YES;
				CLANG_WARN_UNGUARDED_AVAILABILITY = YES_AGGRESSIVE;
				CLANG_WARN_UNREACHABLE_CODE = YES;
				CLANG_WARN__DUPLICATE_METHOD_MATCH = YES;
				COPY_PHASE_STRIP = NO;
				DEBUG_INFORMATION_FORMAT = "dwarf-with-dsym";
				ENABLE_NS_ASSERTIONS = NO;
				ENABLE_STRICT_OBJC_MSGSEND = YES;
				GCC_C_LANGUAGE_STANDARD = gnu11;
				GCC_NO_COMMON_BLOCKS = YES;
				GCC_WARN_64_TO_32_BIT_CONVERSION = YES;
				GCC_WARN_ABOUT_RETURN_TYPE = YES_ERROR;
				GCC_WARN_UNDECLARED_SELECTOR = YES;
				GCC_WARN_UNINITIALIZED_AUTOS = YES_AGGRESSIVE;
				GCC_WARN_UNUSED_FUNCTION = YES;
				GCC_WARN_UNUSED_VARIABLE = YES;
				IPHONEOS_DEPLOYMENT_TARGET = 14.2;
				MTL_ENABLE_DEBUG_INFO = NO;
				MTL_FAST_MATH = YES;
				SDKROOT = iphoneos;
				SWIFT_COMPILATION_MODE = wholemodule;
				SWIFT_OPTIMIZATION_LEVEL = "-O";
				VALIDATE_PRODUCT = YES;
			};
			name = Release;
		};
		B5ABBC062588E67700224C3D /* Debug */ = {
			isa = XCBuildConfiguration;
			buildSettings = {
				ASSETCATALOG_COMPILER_APPICON_NAME = AppIcon;
				ASSETCATALOG_COMPILER_GLOBAL_ACCENT_COLOR_NAME = AccentColor;
				CODE_SIGN_STYLE = Automatic;
				DEVELOPMENT_TEAM = 56AME9BLVU;
				INFOPLIST_FILE = b8310_movie/Info.plist;
				LD_RUNPATH_SEARCH_PATHS = (
					"$(inherited)",
					"@executable_path/Frameworks",
				);
				PRODUCT_BUNDLE_IDENTIFIER = "abel.company.b8310-movie";
				PRODUCT_NAME = "$(TARGET_NAME)";
				SWIFT_VERSION = 5.0;
				TARGETED_DEVICE_FAMILY = "1,2";
			};
			name = Debug;
		};
		B5ABBC072588E67700224C3D /* Release */ = {
			isa = XCBuildConfiguration;
			buildSettings = {
				ASSETCATALOG_COMPILER_APPICON_NAME = AppIcon;
				ASSETCATALOG_COMPILER_GLOBAL_ACCENT_COLOR_NAME = AccentColor;
				CODE_SIGN_STYLE = Automatic;
				DEVELOPMENT_TEAM = 56AME9BLVU;
				INFOPLIST_FILE = b8310_movie/Info.plist;
				LD_RUNPATH_SEARCH_PATHS = (
					"$(inherited)",
					"@executable_path/Frameworks",
				);
				PRODUCT_BUNDLE_IDENTIFIER = "abel.company.b8310-movie";
				PRODUCT_NAME = "$(TARGET_NAME)";
				SWIFT_VERSION = 5.0;
				TARGETED_DEVICE_FAMILY = "1,2";
			};
			name = Release;
		};
/* End XCBuildConfiguration section */

/* Begin XCConfigurationList section */
		B5ABBBEC2588E67400224C3D /* Build configuration list for PBXProject "b8310_movie" */ = {
			isa = XCConfigurationList;
			buildConfigurations = (
				B5ABBC032588E67700224C3D /* Debug */,
				B5ABBC042588E67700224C3D /* Release */,
			);
			defaultConfigurationIsVisible = 0;
			defaultConfigurationName = Release;
		};
		B5ABBC052588E67700224C3D /* Build configuration list for PBXNativeTarget "b8310_movie" */ = {
			isa = XCConfigurationList;
			buildConfigurations = (
				B5ABBC062588E67700224C3D /* Debug */,
				B5ABBC072588E67700224C3D /* Release */,
			);
			defaultConfigurationIsVisible = 0;
			defaultConfigurationName = Release;
		};
/* End XCConfigurationList section */
	};
	rootObject = B5ABBBE92588E67400224C3D /* Project object */;
}
